// !$*UTF8*$!
{
	archiveVersion = 1;
	classes = {
	};
	objectVersion = 46;
	objects = {

/* Begin PBXBuildFile section */
		37B910031BB5027400E6B3AB /* LoginViewController.m in Sources */ = {isa = PBXBuildFile; fileRef = 37B910021BB5027400E6B3AB /* LoginViewController.m */; settings = {ASSET_TAGS = (); }; };
		37C95CE91BB4AE3000DC6B61 /* main.m in Sources */ = {isa = PBXBuildFile; fileRef = 37C95CE81BB4AE3000DC6B61 /* main.m */; };
		37C95CEC1BB4AE3000DC6B61 /* AppDelegate.m in Sources */ = {isa = PBXBuildFile; fileRef = 37C95CEB1BB4AE3000DC6B61 /* AppDelegate.m */; };
		37C95CEF1BB4AE3000DC6B61 /* CaptureViewController.m in Sources */ = {isa = PBXBuildFile; fileRef = 37C95CEE1BB4AE3000DC6B61 /* CaptureViewController.m */; };
		37C95CF21BB4AE3000DC6B61 /* StoryViewController.m in Sources */ = {isa = PBXBuildFile; fileRef = 37C95CF11BB4AE3000DC6B61 /* StoryViewController.m */; };
		37C95CF51BB4AE3000DC6B61 /* Main.storyboard in Resources */ = {isa = PBXBuildFile; fileRef = 37C95CF31BB4AE3000DC6B61 /* Main.storyboard */; };
		37C95CF71BB4AE3000DC6B61 /* Assets.xcassets in Resources */ = {isa = PBXBuildFile; fileRef = 37C95CF61BB4AE3000DC6B61 /* Assets.xcassets */; };
		37C95CFA1BB4AE3000DC6B61 /* LaunchScreen.storyboard in Resources */ = {isa = PBXBuildFile; fileRef = 37C95CF81BB4AE3000DC6B61 /* LaunchScreen.storyboard */; };
		37C95D031BB4AFC100DC6B61 /* ProfileViewController.m in Sources */ = {isa = PBXBuildFile; fileRef = 37C95D021BB4AFC100DC6B61 /* ProfileViewController.m */; settings = {ASSET_TAGS = (); }; };
		37C95D071BB4CA4300DC6B61 /* TabBarViewController.m in Sources */ = {isa = PBXBuildFile; fileRef = 37C95D061BB4CA4300DC6B61 /* TabBarViewController.m */; settings = {ASSET_TAGS = (); }; };
		37C95D101BB4CEDE00DC6B61 /* Bolts.framework in Frameworks */ = {isa = PBXBuildFile; fileRef = 37C95D091BB4CEDE00DC6B61 /* Bolts.framework */; settings = {ASSET_TAGS = (); }; };
		37C95D111BB4CEDE00DC6B61 /* Parse.framework in Frameworks */ = {isa = PBXBuildFile; fileRef = 37C95D0A1BB4CEDE00DC6B61 /* Parse.framework */; settings = {ASSET_TAGS = (); }; };
		37C95D121BB4CEDE00DC6B61 /* ParseCrashReporting.framework in Frameworks */ = {isa = PBXBuildFile; fileRef = 37C95D0B1BB4CEDE00DC6B61 /* ParseCrashReporting.framework */; settings = {ASSET_TAGS = (); }; };
		37C95D131BB4CEDE00DC6B61 /* ParseFacebookUtils.framework in Frameworks */ = {isa = PBXBuildFile; fileRef = 37C95D0C1BB4CEDE00DC6B61 /* ParseFacebookUtils.framework */; settings = {ASSET_TAGS = (); }; };
		37C95D141BB4CEDE00DC6B61 /* ParseFacebookUtilsV4.framework in Frameworks */ = {isa = PBXBuildFile; fileRef = 37C95D0D1BB4CEDE00DC6B61 /* ParseFacebookUtilsV4.framework */; settings = {ASSET_TAGS = (); }; };
		37C95D151BB4CEDE00DC6B61 /* ParseTwitterUtils.framework in Frameworks */ = {isa = PBXBuildFile; fileRef = 37C95D0E1BB4CEDE00DC6B61 /* ParseTwitterUtils.framework */; settings = {ASSET_TAGS = (); }; };
		37C95D161BB4CEDE00DC6B61 /* ParseUI.framework in Frameworks */ = {isa = PBXBuildFile; fileRef = 37C95D0F1BB4CEDE00DC6B61 /* ParseUI.framework */; settings = {ASSET_TAGS = (); }; };
		37C95D181BB4CF2100DC6B61 /* AudioToolbox.framework in Frameworks */ = {isa = PBXBuildFile; fileRef = 37C95D171BB4CF2100DC6B61 /* AudioToolbox.framework */; };
		37C95D1A1BB4CF2600DC6B61 /* CFNetwork.framework in Frameworks */ = {isa = PBXBuildFile; fileRef = 37C95D191BB4CF2600DC6B61 /* CFNetwork.framework */; };
		37C95D1C1BB4CF2D00DC6B61 /* CoreGraphics.framework in Frameworks */ = {isa = PBXBuildFile; fileRef = 37C95D1B1BB4CF2D00DC6B61 /* CoreGraphics.framework */; };
		37C95D1E1BB4CF3500DC6B61 /* CoreLocation.framework in Frameworks */ = {isa = PBXBuildFile; fileRef = 37C95D1D1BB4CF3500DC6B61 /* CoreLocation.framework */; };
		37C95D201BB4CF3C00DC6B61 /* QuartzCore.framework in Frameworks */ = {isa = PBXBuildFile; fileRef = 37C95D1F1BB4CF3C00DC6B61 /* QuartzCore.framework */; };
		37C95D221BB4CF4100DC6B61 /* Security.framework in Frameworks */ = {isa = PBXBuildFile; fileRef = 37C95D211BB4CF4100DC6B61 /* Security.framework */; };
		37C95D241BB4CF4A00DC6B61 /* StoreKit.framework in Frameworks */ = {isa = PBXBuildFile; fileRef = 37C95D231BB4CF4A00DC6B61 /* StoreKit.framework */; };
		37C95D261BB4CF5100DC6B61 /* SystemConfiguration.framework in Frameworks */ = {isa = PBXBuildFile; fileRef = 37C95D251BB4CF5100DC6B61 /* SystemConfiguration.framework */; };
		37C95D281BB4CF8900DC6B61 /* libz.tbd in Frameworks */ = {isa = PBXBuildFile; fileRef = 37C95D271BB4CF8900DC6B61 /* libz.tbd */; };
		37C95D2A1BB4CF9700DC6B61 /* libsqlite3.tbd in Frameworks */ = {isa = PBXBuildFile; fileRef = 37C95D291BB4CF9700DC6B61 /* libsqlite3.tbd */; };
		37C95D2D1BB4D03900DC6B61 /* AppHelper.m in Sources */ = {isa = PBXBuildFile; fileRef = 37C95D2C1BB4D03900DC6B61 /* AppHelper.m */; settings = {ASSET_TAGS = (); }; };
		37C95D4A1BB4D19800DC6B61 /* CameraSessionView.m in Sources */ = {isa = PBXBuildFile; fileRef = 37C95D311BB4D19800DC6B61 /* CameraSessionView.m */; settings = {ASSET_TAGS = (); }; };
		37C95D4B1BB4D19800DC6B61 /* CameraDismissButton.m in Sources */ = {isa = PBXBuildFile; fileRef = 37C95D351BB4D19800DC6B61 /* CameraDismissButton.m */; settings = {ASSET_TAGS = (); }; };
		37C95D4C1BB4D19800DC6B61 /* CameraFlashButton.m in Sources */ = {isa = PBXBuildFile; fileRef = 37C95D371BB4D19800DC6B61 /* CameraFlashButton.m */; settings = {ASSET_TAGS = (); }; };
		37C95D4D1BB4D19800DC6B61 /* CameraFocalReticule.m in Sources */ = {isa = PBXBuildFile; fileRef = 37C95D391BB4D19800DC6B61 /* CameraFocalReticule.m */; settings = {ASSET_TAGS = (); }; };
		37C95D4E1BB4D19800DC6B61 /* CameraShutterButton.m in Sources */ = {isa = PBXBuildFile; fileRef = 37C95D3B1BB4D19800DC6B61 /* CameraShutterButton.m */; settings = {ASSET_TAGS = (); }; };
		37C95D4F1BB4D19800DC6B61 /* CameraToggleButton.m in Sources */ = {isa = PBXBuildFile; fileRef = 37C95D3D1BB4D19800DC6B61 /* CameraToggleButton.m */; settings = {ASSET_TAGS = (); }; };
		37C95D501BB4D19800DC6B61 /* LaunchCameraButton.m in Sources */ = {isa = PBXBuildFile; fileRef = 37C95D3F1BB4D19800DC6B61 /* LaunchCameraButton.m */; settings = {ASSET_TAGS = (); }; };
		37C95D511BB4D19800DC6B61 /* Cool Camera Mockup.sketch in Resources */ = {isa = PBXBuildFile; fileRef = 37C95D401BB4D19800DC6B61 /* Cool Camera Mockup.sketch */; settings = {ASSET_TAGS = (); }; };
		37C95D521BB4D19800DC6B61 /* PaintCodeFile.pcvd in Resources */ = {isa = PBXBuildFile; fileRef = 37C95D411BB4D19800DC6B61 /* PaintCodeFile.pcvd */; settings = {ASSET_TAGS = (); }; };
		37C95D531BB4D19800DC6B61 /* CameraStyleKitClass.m in Sources */ = {isa = PBXBuildFile; fileRef = 37C95D441BB4D19800DC6B61 /* CameraStyleKitClass.m */; settings = {ASSET_TAGS = (); }; };
		37C95D541BB4D19800DC6B61 /* CaptureSessionManager.m in Sources */ = {isa = PBXBuildFile; fileRef = 37C95D471BB4D19800DC6B61 /* CaptureSessionManager.m */; settings = {ASSET_TAGS = (); }; };
		37C95D551BB4D19800DC6B61 /* Constants.m in Sources */ = {isa = PBXBuildFile; fileRef = 37C95D491BB4D19800DC6B61 /* Constants.m */; settings = {ASSET_TAGS = (); }; };
		37C95D571BB4D1A800DC6B61 /* AVFoundation.framework in Frameworks */ = {isa = PBXBuildFile; fileRef = 37C95D561BB4D1A800DC6B61 /* AVFoundation.framework */; };
		37C95D5A1BB4DCE300DC6B61 /* PictureView.m in Sources */ = {isa = PBXBuildFile; fileRef = 37C95D591BB4DCE300DC6B61 /* PictureView.m */; settings = {ASSET_TAGS = (); }; };
		37C95D5D1BB4F01C00DC6B61 /* FVCustomAlertView.m in Sources */ = {isa = PBXBuildFile; fileRef = 37C95D5C1BB4F01C00DC6B61 /* FVCustomAlertView.m */; settings = {ASSET_TAGS = (); }; };
		37C95D8D1BB4F02600DC6B61 /* 1.png in Resources */ = {isa = PBXBuildFile; fileRef = 37C95D5F1BB4F02600DC6B61 /* 1.png */; settings = {ASSET_TAGS = (); }; };
		37C95D8E1BB4F02600DC6B61 /* 10.png in Resources */ = {isa = PBXBuildFile; fileRef = 37C95D601BB4F02600DC6B61 /* 10.png */; settings = {ASSET_TAGS = (); }; };
		37C95D8F1BB4F02600DC6B61 /* 10@2x.png in Resources */ = {isa = PBXBuildFile; fileRef = 37C95D611BB4F02600DC6B61 /* 10@2x.png */; settings = {ASSET_TAGS = (); }; };
		37C95D901BB4F02600DC6B61 /* 11.png in Resources */ = {isa = PBXBuildFile; fileRef = 37C95D621BB4F02600DC6B61 /* 11.png */; settings = {ASSET_TAGS = (); }; };
		37C95D911BB4F02600DC6B61 /* 11@2x.png in Resources */ = {isa = PBXBuildFile; fileRef = 37C95D631BB4F02600DC6B61 /* 11@2x.png */; settings = {ASSET_TAGS = (); }; };
		37C95D921BB4F02600DC6B61 /* 12.png in Resources */ = {isa = PBXBuildFile; fileRef = 37C95D641BB4F02600DC6B61 /* 12.png */; settings = {ASSET_TAGS = (); }; };
		37C95D931BB4F02600DC6B61 /* 12@2x.png in Resources */ = {isa = PBXBuildFile; fileRef = 37C95D651BB4F02600DC6B61 /* 12@2x.png */; settings = {ASSET_TAGS = (); }; };
		37C95D941BB4F02600DC6B61 /* 13.png in Resources */ = {isa = PBXBuildFile; fileRef = 37C95D661BB4F02600DC6B61 /* 13.png */; settings = {ASSET_TAGS = (); }; };
		37C95D951BB4F02600DC6B61 /* 13@2x.png in Resources */ = {isa = PBXBuildFile; fileRef = 37C95D671BB4F02600DC6B61 /* 13@2x.png */; settings = {ASSET_TAGS = (); }; };
		37C95D961BB4F02600DC6B61 /* 14.png in Resources */ = {isa = PBXBuildFile; fileRef = 37C95D681BB4F02600DC6B61 /* 14.png */; settings = {ASSET_TAGS = (); }; };
		37C95D971BB4F02600DC6B61 /* 14@2x.png in Resources */ = {isa = PBXBuildFile; fileRef = 37C95D691BB4F02600DC6B61 /* 14@2x.png */; settings = {ASSET_TAGS = (); }; };
		37C95D981BB4F02600DC6B61 /* 15.png in Resources */ = {isa = PBXBuildFile; fileRef = 37C95D6A1BB4F02600DC6B61 /* 15.png */; settings = {ASSET_TAGS = (); }; };
		37C95D991BB4F02600DC6B61 /* 15@2x.png in Resources */ = {isa = PBXBuildFile; fileRef = 37C95D6B1BB4F02600DC6B61 /* 15@2x.png */; settings = {ASSET_TAGS = (); }; };
		37C95D9A1BB4F02600DC6B61 /* 16.png in Resources */ = {isa = PBXBuildFile; fileRef = 37C95D6C1BB4F02600DC6B61 /* 16.png */; settings = {ASSET_TAGS = (); }; };
		37C95D9B1BB4F02600DC6B61 /* 16@2x.png in Resources */ = {isa = PBXBuildFile; fileRef = 37C95D6D1BB4F02600DC6B61 /* 16@2x.png */; settings = {ASSET_TAGS = (); }; };
		37C95D9C1BB4F02600DC6B61 /* 17.png in Resources */ = {isa = PBXBuildFile; fileRef = 37C95D6E1BB4F02600DC6B61 /* 17.png */; settings = {ASSET_TAGS = (); }; };
		37C95D9D1BB4F02600DC6B61 /* 17@2x.png in Resources */ = {isa = PBXBuildFile; fileRef = 37C95D6F1BB4F02600DC6B61 /* 17@2x.png */; settings = {ASSET_TAGS = (); }; };
		37C95D9E1BB4F02600DC6B61 /* 18.png in Resources */ = {isa = PBXBuildFile; fileRef = 37C95D701BB4F02600DC6B61 /* 18.png */; settings = {ASSET_TAGS = (); }; };
		37C95D9F1BB4F02600DC6B61 /* 18@2x.png in Resources */ = {isa = PBXBuildFile; fileRef = 37C95D711BB4F02600DC6B61 /* 18@2x.png */; settings = {ASSET_TAGS = (); }; };
		37C95DA01BB4F02600DC6B61 /* 19.png in Resources */ = {isa = PBXBuildFile; fileRef = 37C95D721BB4F02600DC6B61 /* 19.png */; settings = {ASSET_TAGS = (); }; };
		37C95DA11BB4F02600DC6B61 /* 19@2x.png in Resources */ = {isa = PBXBuildFile; fileRef = 37C95D731BB4F02600DC6B61 /* 19@2x.png */; settings = {ASSET_TAGS = (); }; };
		37C95DA21BB4F02600DC6B61 /* 1@2x.png in Resources */ = {isa = PBXBuildFile; fileRef = 37C95D741BB4F02600DC6B61 /* 1@2x.png */; settings = {ASSET_TAGS = (); }; };
		37C95DA31BB4F02600DC6B61 /* 2.png in Resources */ = {isa = PBXBuildFile; fileRef = 37C95D751BB4F02600DC6B61 /* 2.png */; settings = {ASSET_TAGS = (); }; };
		37C95DA41BB4F02600DC6B61 /* 20.png in Resources */ = {isa = PBXBuildFile; fileRef = 37C95D761BB4F02600DC6B61 /* 20.png */; settings = {ASSET_TAGS = (); }; };
		37C95DA51BB4F02600DC6B61 /* 20@2x.png in Resources */ = {isa = PBXBuildFile; fileRef = 37C95D771BB4F02600DC6B61 /* 20@2x.png */; settings = {ASSET_TAGS = (); }; };
		37C95DA61BB4F02600DC6B61 /* 2@2x.png in Resources */ = {isa = PBXBuildFile; fileRef = 37C95D781BB4F02600DC6B61 /* 2@2x.png */; settings = {ASSET_TAGS = (); }; };
		37C95DA71BB4F02600DC6B61 /* 3.png in Resources */ = {isa = PBXBuildFile; fileRef = 37C95D791BB4F02600DC6B61 /* 3.png */; settings = {ASSET_TAGS = (); }; };
		37C95DA81BB4F02600DC6B61 /* 3@2x.png in Resources */ = {isa = PBXBuildFile; fileRef = 37C95D7A1BB4F02600DC6B61 /* 3@2x.png */; settings = {ASSET_TAGS = (); }; };
		37C95DA91BB4F02600DC6B61 /* 4.png in Resources */ = {isa = PBXBuildFile; fileRef = 37C95D7B1BB4F02600DC6B61 /* 4.png */; settings = {ASSET_TAGS = (); }; };
		37C95DAA1BB4F02600DC6B61 /* 4@2x.png in Resources */ = {isa = PBXBuildFile; fileRef = 37C95D7C1BB4F02600DC6B61 /* 4@2x.png */; settings = {ASSET_TAGS = (); }; };
		37C95DAB1BB4F02600DC6B61 /* 5.png in Resources */ = {isa = PBXBuildFile; fileRef = 37C95D7D1BB4F02600DC6B61 /* 5.png */; settings = {ASSET_TAGS = (); }; };
		37C95DAC1BB4F02600DC6B61 /* 5@2x.png in Resources */ = {isa = PBXBuildFile; fileRef = 37C95D7E1BB4F02600DC6B61 /* 5@2x.png */; settings = {ASSET_TAGS = (); }; };
		37C95DAD1BB4F02600DC6B61 /* 6.png in Resources */ = {isa = PBXBuildFile; fileRef = 37C95D7F1BB4F02600DC6B61 /* 6.png */; settings = {ASSET_TAGS = (); }; };
		37C95DAE1BB4F02600DC6B61 /* 6@2x.png in Resources */ = {isa = PBXBuildFile; fileRef = 37C95D801BB4F02600DC6B61 /* 6@2x.png */; settings = {ASSET_TAGS = (); }; };
		37C95DAF1BB4F02600DC6B61 /* 7.png in Resources */ = {isa = PBXBuildFile; fileRef = 37C95D811BB4F02600DC6B61 /* 7.png */; settings = {ASSET_TAGS = (); }; };
		37C95DB01BB4F02600DC6B61 /* 7@2x.png in Resources */ = {isa = PBXBuildFile; fileRef = 37C95D821BB4F02600DC6B61 /* 7@2x.png */; settings = {ASSET_TAGS = (); }; };
		37C95DB11BB4F02600DC6B61 /* 8.png in Resources */ = {isa = PBXBuildFile; fileRef = 37C95D831BB4F02600DC6B61 /* 8.png */; settings = {ASSET_TAGS = (); }; };
		37C95DB21BB4F02600DC6B61 /* 8@2x.png in Resources */ = {isa = PBXBuildFile; fileRef = 37C95D841BB4F02600DC6B61 /* 8@2x.png */; settings = {ASSET_TAGS = (); }; };
		37C95DB31BB4F02600DC6B61 /* 9.png in Resources */ = {isa = PBXBuildFile; fileRef = 37C95D851BB4F02600DC6B61 /* 9.png */; settings = {ASSET_TAGS = (); }; };
		37C95DB41BB4F02600DC6B61 /* 9@2x.png in Resources */ = {isa = PBXBuildFile; fileRef = 37C95D861BB4F02600DC6B61 /* 9@2x.png */; settings = {ASSET_TAGS = (); }; };
		37C95DB51BB4F02600DC6B61 /* checkmark.png in Resources */ = {isa = PBXBuildFile; fileRef = 37C95D871BB4F02600DC6B61 /* checkmark.png */; settings = {ASSET_TAGS = (); }; };
		37C95DB61BB4F02600DC6B61 /* checkmark@2x.png in Resources */ = {isa = PBXBuildFile; fileRef = 37C95D881BB4F02600DC6B61 /* checkmark@2x.png */; settings = {ASSET_TAGS = (); }; };
		37C95DB71BB4F02600DC6B61 /* cross.png in Resources */ = {isa = PBXBuildFile; fileRef = 37C95D891BB4F02600DC6B61 /* cross.png */; settings = {ASSET_TAGS = (); }; };
		37C95DB81BB4F02600DC6B61 /* cross@2x.png in Resources */ = {isa = PBXBuildFile; fileRef = 37C95D8A1BB4F02600DC6B61 /* cross@2x.png */; settings = {ASSET_TAGS = (); }; };
		37C95DB91BB4F02600DC6B61 /* warning.png in Resources */ = {isa = PBXBuildFile; fileRef = 37C95D8B1BB4F02600DC6B61 /* warning.png */; settings = {ASSET_TAGS = (); }; };
		37C95DBA1BB4F02600DC6B61 /* warning@2x.png in Resources */ = {isa = PBXBuildFile; fileRef = 37C95D8C1BB4F02600DC6B61 /* warning@2x.png */; settings = {ASSET_TAGS = (); }; };
		37E1629B1BB5B16A00D56F16 /* AutoResizeTextView.m in Sources */ = {isa = PBXBuildFile; fileRef = 37E1623E1BB5B16A00D56F16 /* AutoResizeTextView.m */; settings = {ASSET_TAGS = (); }; };
		37E1629C1BB5B16A00D56F16 /* MDCalendar.m in Sources */ = {isa = PBXBuildFile; fileRef = 37E162411BB5B16A00D56F16 /* MDCalendar.m */; settings = {ASSET_TAGS = (); }; };
		37E1629D1BB5B16A00D56F16 /* MDCalendarCell.m in Sources */ = {isa = PBXBuildFile; fileRef = 37E162431BB5B16A00D56F16 /* MDCalendarCell.m */; settings = {ASSET_TAGS = (); }; };
		37E1629E1BB5B16A00D56F16 /* MDCalendarDateHeader.m in Sources */ = {isa = PBXBuildFile; fileRef = 37E162451BB5B16A00D56F16 /* MDCalendarDateHeader.m */; settings = {ASSET_TAGS = (); }; };
		37E1629F1BB5B16A00D56F16 /* MDCalendarHeader.m in Sources */ = {isa = PBXBuildFile; fileRef = 37E162471BB5B16A00D56F16 /* MDCalendarHeader.m */; settings = {ASSET_TAGS = (); }; };
		37E162A01BB5B16A00D56F16 /* MDCalendarYearSelector.m in Sources */ = {isa = PBXBuildFile; fileRef = 37E162491BB5B16A00D56F16 /* MDCalendarYearSelector.m */; settings = {ASSET_TAGS = (); }; };
		37E162A11BB5B16A00D56F16 /* MDCalendarYearSelectorViewCell.m in Sources */ = {isa = PBXBuildFile; fileRef = 37E1624B1BB5B16A00D56F16 /* MDCalendarYearSelectorViewCell.m */; settings = {ASSET_TAGS = (); }; };
		37E162A21BB5B16A00D56F16 /* MDDatePicker.m in Sources */ = {isa = PBXBuildFile; fileRef = 37E1624D1BB5B16A00D56F16 /* MDDatePicker.m */; settings = {ASSET_TAGS = (); }; };
		37E162A31BB5B16A00D56F16 /* MDDatePickerDialog.m in Sources */ = {isa = PBXBuildFile; fileRef = 37E1624F1BB5B16A00D56F16 /* MDDatePickerDialog.m */; settings = {ASSET_TAGS = (); }; };
		37E162A41BB5B16A00D56F16 /* MDTimePickerDialog.m in Sources */ = {isa = PBXBuildFile; fileRef = 37E162511BB5B16A00D56F16 /* MDTimePickerDialog.m */; settings = {ASSET_TAGS = (); }; };
		37E162A51BB5B16A00D56F16 /* NSCalendarHelper.m in Sources */ = {isa = PBXBuildFile; fileRef = 37E162531BB5B16A00D56F16 /* NSCalendarHelper.m */; settings = {ASSET_TAGS = (); }; };
		37E162A61BB5B16A00D56F16 /* NSDate+MDExtension.m in Sources */ = {isa = PBXBuildFile; fileRef = 37E162551BB5B16A00D56F16 /* NSDate+MDExtension.m */; settings = {ASSET_TAGS = (); }; };
		37E162A71BB5B16A00D56F16 /* MDDeviceHelper.m in Sources */ = {isa = PBXBuildFile; fileRef = 37E162581BB5B16A00D56F16 /* MDDeviceHelper.m */; settings = {ASSET_TAGS = (); }; };
		37E162A81BB5B16A00D56F16 /* MDMathHelper.m in Sources */ = {isa = PBXBuildFile; fileRef = 37E1625A1BB5B16A00D56F16 /* MDMathHelper.m */; settings = {ASSET_TAGS = (); }; };
		37E162A91BB5B16A00D56F16 /* NSDateHelper.m in Sources */ = {isa = PBXBuildFile; fileRef = 37E1625C1BB5B16A00D56F16 /* NSDateHelper.m */; settings = {ASSET_TAGS = (); }; };
		37E162AA1BB5B16A00D56F16 /* UIColorHelper.m in Sources */ = {isa = PBXBuildFile; fileRef = 37E1625E1BB5B16A00D56F16 /* UIColorHelper.m */; settings = {ASSET_TAGS = (); }; };
		37E162AB1BB5B16A00D56F16 /* UIFontHelper.m in Sources */ = {isa = PBXBuildFile; fileRef = 37E162601BB5B16A00D56F16 /* UIFontHelper.m */; settings = {ASSET_TAGS = (); }; };
		37E162AC1BB5B16A00D56F16 /* UIViewHelper.m in Sources */ = {isa = PBXBuildFile; fileRef = 37E162621BB5B16A00D56F16 /* UIViewHelper.m */; settings = {ASSET_TAGS = (); }; };
		37E162AD1BB5B16A00D56F16 /* MDButton.m in Sources */ = {isa = PBXBuildFile; fileRef = 37E162641BB5B16A00D56F16 /* MDButton.m */; settings = {ASSET_TAGS = (); }; };
		37E162AE1BB5B16A00D56F16 /* MDCollectionViewCell.m in Sources */ = {isa = PBXBuildFile; fileRef = 37E162661BB5B16A00D56F16 /* MDCollectionViewCell.m */; settings = {ASSET_TAGS = (); }; };
		37E162AF1BB5B16A00D56F16 /* MDProgress.m in Sources */ = {isa = PBXBuildFile; fileRef = 37E162691BB5B16A00D56F16 /* MDProgress.m */; settings = {ASSET_TAGS = (); }; };
		37E162B01BB5B16A00D56F16 /* MDRippleLayer.m in Sources */ = {isa = PBXBuildFile; fileRef = 37E1626B1BB5B16A00D56F16 /* MDRippleLayer.m */; settings = {ASSET_TAGS = (); }; };
		37E162B11BB5B16A00D56F16 /* MDSlider.m in Sources */ = {isa = PBXBuildFile; fileRef = 37E1626D1BB5B16A00D56F16 /* MDSlider.m */; settings = {ASSET_TAGS = (); }; };
		37E162B21BB5B16A00D56F16 /* MDSnackbar.m in Sources */ = {isa = PBXBuildFile; fileRef = 37E1626F1BB5B16A00D56F16 /* MDSnackbar.m */; settings = {ASSET_TAGS = (); }; };
		37E162B31BB5B16A00D56F16 /* MDSwitch.m in Sources */ = {isa = PBXBuildFile; fileRef = 37E162711BB5B16A00D56F16 /* MDSwitch.m */; settings = {ASSET_TAGS = (); }; };
		37E162B41BB5B16A00D56F16 /* MDTabBar.m in Sources */ = {isa = PBXBuildFile; fileRef = 37E162731BB5B16A00D56F16 /* MDTabBar.m */; settings = {ASSET_TAGS = (); }; };
		37E162B51BB5B16A00D56F16 /* MDTabBarViewController.m in Sources */ = {isa = PBXBuildFile; fileRef = 37E162751BB5B16A00D56F16 /* MDTabBarViewController.m */; settings = {ASSET_TAGS = (); }; };
		37E162B61BB5B16A00D56F16 /* MDTableViewCell.m in Sources */ = {isa = PBXBuildFile; fileRef = 37E162771BB5B16A00D56F16 /* MDTableViewCell.m */; settings = {ASSET_TAGS = (); }; };
		37E162B71BB5B16A00D56F16 /* MDTextField.m in Sources */ = {isa = PBXBuildFile; fileRef = 37E162791BB5B16A00D56F16 /* MDTextField.m */; settings = {ASSET_TAGS = (); }; };
		37E162B81BB5B16A00D56F16 /* MDToast.m in Sources */ = {isa = PBXBuildFile; fileRef = 37E1627B1BB5B16A00D56F16 /* MDToast.m */; settings = {ASSET_TAGS = (); }; };
		37E162B91BB5B16A00D56F16 /* MDTouchGestureRecognizer.m in Sources */ = {isa = PBXBuildFile; fileRef = 37E1627D1BB5B16A00D56F16 /* MDTouchGestureRecognizer.m */; settings = {ASSET_TAGS = (); }; };
		37E162BA1BB5B16A00D56F16 /* MDCircularProgressLayer.m in Sources */ = {isa = PBXBuildFile; fileRef = 37E162801BB5B16A00D56F16 /* MDCircularProgressLayer.m */; settings = {ASSET_TAGS = (); }; };
		37E162BB1BB5B16A00D56F16 /* MDLinearProgressLayer.m in Sources */ = {isa = PBXBuildFile; fileRef = 37E162821BB5B16A00D56F16 /* MDLinearProgressLayer.m */; settings = {ASSET_TAGS = (); }; };
		37E162BC1BB5B16A00D56F16 /* MDProgressLayer.m in Sources */ = {isa = PBXBuildFile; fileRef = 37E162841BB5B16A00D56F16 /* MDProgressLayer.m */; settings = {ASSET_TAGS = (); }; };
		37E162BD1BB5B16A00D56F16 /* MDBubbleLabel.m in Sources */ = {isa = PBXBuildFile; fileRef = 37E162871BB5B16A00D56F16 /* MDBubbleLabel.m */; settings = {ASSET_TAGS = (); }; };
		37E162BE1BB5B16A00D56F16 /* MDSliderIcon.m in Sources */ = {isa = PBXBuildFile; fileRef = 37E162891BB5B16A00D56F16 /* MDSliderIcon.m */; settings = {ASSET_TAGS = (); }; };
		37E162BF1BB5B16A00D56F16 /* MDSliderThumbView.m in Sources */ = {isa = PBXBuildFile; fileRef = 37E1628B1BB5B16A00D56F16 /* MDSliderThumbView.m */; settings = {ASSET_TAGS = (); }; };
		37E162C01BB5B16A00D56F16 /* MDSliderTickMarksView.m in Sources */ = {isa = PBXBuildFile; fileRef = 37E1628D1BB5B16A00D56F16 /* MDSliderTickMarksView.m */; settings = {ASSET_TAGS = (); }; };
		37E162C11BB5B16A00D56F16 /* MDSuggestPopupView.m in Sources */ = {isa = PBXBuildFile; fileRef = 37E162901BB5B16A00D56F16 /* MDSuggestPopupView.m */; settings = {ASSET_TAGS = (); }; };
		37E162C21BB5B16A00D56F16 /* MDSuggestTableView.m in Sources */ = {isa = PBXBuildFile; fileRef = 37E162921BB5B16A00D56F16 /* MDSuggestTableView.m */; settings = {ASSET_TAGS = (); }; };
		37E162C31BB5B16A00D56F16 /* UIView+MDExtension.m in Sources */ = {isa = PBXBuildFile; fileRef = 37E162941BB5B16A00D56F16 /* UIView+MDExtension.m */; settings = {ASSET_TAGS = (); }; };
		37E162C41BB5B16A00D56F16 /* Info.plist in Resources */ = {isa = PBXBuildFile; fileRef = 37E162991BB5B16A00D56F16 /* Info.plist */; settings = {ASSET_TAGS = (); }; };
/* End PBXBuildFile section */

/* Begin PBXContainerItemProxy section */
		37E162C81BB5B16B00D56F16 /* PBXContainerItemProxy */ = {
			isa = PBXContainerItemProxy;
			containerPortal = 37E162951BB5B16A00D56F16 /* iOSUILib.xcodeproj */;
			proxyType = 2;
			remoteGlobalIDString = 882891271A7F218B00944560;
			remoteInfo = iOSUILib;
		};
		37E162CA1BB5B16B00D56F16 /* PBXContainerItemProxy */ = {
			isa = PBXContainerItemProxy;
			containerPortal = 37E162951BB5B16A00D56F16 /* iOSUILib.xcodeproj */;
			proxyType = 2;
			remoteGlobalIDString = 882891321A7F218B00944560;
			remoteInfo = iOSUILibTests;
		};
/* End PBXContainerItemProxy section */

/* Begin PBXFileReference section */
		37B910011BB5027400E6B3AB /* LoginViewController.h */ = {isa = PBXFileReference; fileEncoding = 4; lastKnownFileType = sourcecode.c.h; path = LoginViewController.h; sourceTree = "<group>"; };
		37B910021BB5027400E6B3AB /* LoginViewController.m */ = {isa = PBXFileReference; fileEncoding = 4; lastKnownFileType = sourcecode.c.objc; path = LoginViewController.m; sourceTree = "<group>"; };
		37C95CE41BB4AE3000DC6B61 /* Social Media.app */ = {isa = PBXFileReference; explicitFileType = wrapper.application; includeInIndex = 0; path = "Social Media.app"; sourceTree = BUILT_PRODUCTS_DIR; };
		37C95CE81BB4AE3000DC6B61 /* main.m */ = {isa = PBXFileReference; lastKnownFileType = sourcecode.c.objc; path = main.m; sourceTree = "<group>"; };
		37C95CEA1BB4AE3000DC6B61 /* AppDelegate.h */ = {isa = PBXFileReference; lastKnownFileType = sourcecode.c.h; path = AppDelegate.h; sourceTree = "<group>"; };
		37C95CEB1BB4AE3000DC6B61 /* AppDelegate.m */ = {isa = PBXFileReference; lastKnownFileType = sourcecode.c.objc; path = AppDelegate.m; sourceTree = "<group>"; };
		37C95CED1BB4AE3000DC6B61 /* CaptureViewController.h */ = {isa = PBXFileReference; lastKnownFileType = sourcecode.c.h; path = CaptureViewController.h; sourceTree = "<group>"; };
		37C95CEE1BB4AE3000DC6B61 /* CaptureViewController.m */ = {isa = PBXFileReference; lastKnownFileType = sourcecode.c.objc; path = CaptureViewController.m; sourceTree = "<group>"; };
		37C95CF01BB4AE3000DC6B61 /* StoryViewController.h */ = {isa = PBXFileReference; lastKnownFileType = sourcecode.c.h; path = StoryViewController.h; sourceTree = "<group>"; };
		37C95CF11BB4AE3000DC6B61 /* StoryViewController.m */ = {isa = PBXFileReference; lastKnownFileType = sourcecode.c.objc; path = StoryViewController.m; sourceTree = "<group>"; };
		37C95CF41BB4AE3000DC6B61 /* Base */ = {isa = PBXFileReference; lastKnownFileType = file.storyboard; name = Base; path = Base.lproj/Main.storyboard; sourceTree = "<group>"; };
		37C95CF61BB4AE3000DC6B61 /* Assets.xcassets */ = {isa = PBXFileReference; lastKnownFileType = folder.assetcatalog; path = Assets.xcassets; sourceTree = "<group>"; };
		37C95CF91BB4AE3000DC6B61 /* Base */ = {isa = PBXFileReference; lastKnownFileType = file.storyboard; name = Base; path = Base.lproj/LaunchScreen.storyboard; sourceTree = "<group>"; };
		37C95CFB1BB4AE3000DC6B61 /* Info.plist */ = {isa = PBXFileReference; lastKnownFileType = text.plist.xml; path = Info.plist; sourceTree = "<group>"; };
		37C95D011BB4AFC100DC6B61 /* ProfileViewController.h */ = {isa = PBXFileReference; fileEncoding = 4; lastKnownFileType = sourcecode.c.h; path = ProfileViewController.h; sourceTree = "<group>"; };
		37C95D021BB4AFC100DC6B61 /* ProfileViewController.m */ = {isa = PBXFileReference; fileEncoding = 4; lastKnownFileType = sourcecode.c.objc; path = ProfileViewController.m; sourceTree = "<group>"; };
		37C95D051BB4CA4300DC6B61 /* TabBarViewController.h */ = {isa = PBXFileReference; fileEncoding = 4; lastKnownFileType = sourcecode.c.h; path = TabBarViewController.h; sourceTree = "<group>"; };
		37C95D061BB4CA4300DC6B61 /* TabBarViewController.m */ = {isa = PBXFileReference; fileEncoding = 4; lastKnownFileType = sourcecode.c.objc; path = TabBarViewController.m; sourceTree = "<group>"; };
		37C95D091BB4CEDE00DC6B61 /* Bolts.framework */ = {isa = PBXFileReference; lastKnownFileType = wrapper.framework; path = Bolts.framework; sourceTree = "<group>"; };
		37C95D0A1BB4CEDE00DC6B61 /* Parse.framework */ = {isa = PBXFileReference; lastKnownFileType = wrapper.framework; path = Parse.framework; sourceTree = "<group>"; };
		37C95D0B1BB4CEDE00DC6B61 /* ParseCrashReporting.framework */ = {isa = PBXFileReference; lastKnownFileType = wrapper.framework; path = ParseCrashReporting.framework; sourceTree = "<group>"; };
		37C95D0C1BB4CEDE00DC6B61 /* ParseFacebookUtils.framework */ = {isa = PBXFileReference; lastKnownFileType = wrapper.framework; path = ParseFacebookUtils.framework; sourceTree = "<group>"; };
		37C95D0D1BB4CEDE00DC6B61 /* ParseFacebookUtilsV4.framework */ = {isa = PBXFileReference; lastKnownFileType = wrapper.framework; path = ParseFacebookUtilsV4.framework; sourceTree = "<group>"; };
		37C95D0E1BB4CEDE00DC6B61 /* ParseTwitterUtils.framework */ = {isa = PBXFileReference; lastKnownFileType = wrapper.framework; path = ParseTwitterUtils.framework; sourceTree = "<group>"; };
		37C95D0F1BB4CEDE00DC6B61 /* ParseUI.framework */ = {isa = PBXFileReference; lastKnownFileType = wrapper.framework; path = ParseUI.framework; sourceTree = "<group>"; };
		37C95D171BB4CF2100DC6B61 /* AudioToolbox.framework */ = {isa = PBXFileReference; lastKnownFileType = wrapper.framework; name = AudioToolbox.framework; path = System/Library/Frameworks/AudioToolbox.framework; sourceTree = SDKROOT; };
		37C95D191BB4CF2600DC6B61 /* CFNetwork.framework */ = {isa = PBXFileReference; lastKnownFileType = wrapper.framework; name = CFNetwork.framework; path = System/Library/Frameworks/CFNetwork.framework; sourceTree = SDKROOT; };
		37C95D1B1BB4CF2D00DC6B61 /* CoreGraphics.framework */ = {isa = PBXFileReference; lastKnownFileType = wrapper.framework; name = CoreGraphics.framework; path = System/Library/Frameworks/CoreGraphics.framework; sourceTree = SDKROOT; };
		37C95D1D1BB4CF3500DC6B61 /* CoreLocation.framework */ = {isa = PBXFileReference; lastKnownFileType = wrapper.framework; name = CoreLocation.framework; path = System/Library/Frameworks/CoreLocation.framework; sourceTree = SDKROOT; };
		37C95D1F1BB4CF3C00DC6B61 /* QuartzCore.framework */ = {isa = PBXFileReference; lastKnownFileType = wrapper.framework; name = QuartzCore.framework; path = System/Library/Frameworks/QuartzCore.framework; sourceTree = SDKROOT; };
		37C95D211BB4CF4100DC6B61 /* Security.framework */ = {isa = PBXFileReference; lastKnownFileType = wrapper.framework; name = Security.framework; path = System/Library/Frameworks/Security.framework; sourceTree = SDKROOT; };
		37C95D231BB4CF4A00DC6B61 /* StoreKit.framework */ = {isa = PBXFileReference; lastKnownFileType = wrapper.framework; name = StoreKit.framework; path = System/Library/Frameworks/StoreKit.framework; sourceTree = SDKROOT; };
		37C95D251BB4CF5100DC6B61 /* SystemConfiguration.framework */ = {isa = PBXFileReference; lastKnownFileType = wrapper.framework; name = SystemConfiguration.framework; path = System/Library/Frameworks/SystemConfiguration.framework; sourceTree = SDKROOT; };
		37C95D271BB4CF8900DC6B61 /* libz.tbd */ = {isa = PBXFileReference; lastKnownFileType = "sourcecode.text-based-dylib-definition"; name = libz.tbd; path = usr/lib/libz.tbd; sourceTree = SDKROOT; };
		37C95D291BB4CF9700DC6B61 /* libsqlite3.tbd */ = {isa = PBXFileReference; lastKnownFileType = "sourcecode.text-based-dylib-definition"; name = libsqlite3.tbd; path = usr/lib/libsqlite3.tbd; sourceTree = SDKROOT; };
		37C95D2B1BB4D03900DC6B61 /* AppHelper.h */ = {isa = PBXFileReference; fileEncoding = 4; lastKnownFileType = sourcecode.c.h; path = AppHelper.h; sourceTree = "<group>"; };
		37C95D2C1BB4D03900DC6B61 /* AppHelper.m */ = {isa = PBXFileReference; fileEncoding = 4; lastKnownFileType = sourcecode.c.objc; path = AppHelper.m; sourceTree = "<group>"; };
		37C95D301BB4D19800DC6B61 /* CameraSessionView.h */ = {isa = PBXFileReference; fileEncoding = 4; lastKnownFileType = sourcecode.c.h; path = CameraSessionView.h; sourceTree = "<group>"; };
		37C95D311BB4D19800DC6B61 /* CameraSessionView.m */ = {isa = PBXFileReference; fileEncoding = 4; lastKnownFileType = sourcecode.c.objc; path = CameraSessionView.m; sourceTree = "<group>"; };
		37C95D341BB4D19800DC6B61 /* CameraDismissButton.h */ = {isa = PBXFileReference; fileEncoding = 4; lastKnownFileType = sourcecode.c.h; path = CameraDismissButton.h; sourceTree = "<group>"; };
		37C95D351BB4D19800DC6B61 /* CameraDismissButton.m */ = {isa = PBXFileReference; fileEncoding = 4; lastKnownFileType = sourcecode.c.objc; path = CameraDismissButton.m; sourceTree = "<group>"; };
		37C95D361BB4D19800DC6B61 /* CameraFlashButton.h */ = {isa = PBXFileReference; fileEncoding = 4; lastKnownFileType = sourcecode.c.h; path = CameraFlashButton.h; sourceTree = "<group>"; };
		37C95D371BB4D19800DC6B61 /* CameraFlashButton.m */ = {isa = PBXFileReference; fileEncoding = 4; lastKnownFileType = sourcecode.c.objc; path = CameraFlashButton.m; sourceTree = "<group>"; };
		37C95D381BB4D19800DC6B61 /* CameraFocalReticule.h */ = {isa = PBXFileReference; fileEncoding = 4; lastKnownFileType = sourcecode.c.h; path = CameraFocalReticule.h; sourceTree = "<group>"; };
		37C95D391BB4D19800DC6B61 /* CameraFocalReticule.m */ = {isa = PBXFileReference; fileEncoding = 4; lastKnownFileType = sourcecode.c.objc; path = CameraFocalReticule.m; sourceTree = "<group>"; };
		37C95D3A1BB4D19800DC6B61 /* CameraShutterButton.h */ = {isa = PBXFileReference; fileEncoding = 4; lastKnownFileType = sourcecode.c.h; path = CameraShutterButton.h; sourceTree = "<group>"; };
		37C95D3B1BB4D19800DC6B61 /* CameraShutterButton.m */ = {isa = PBXFileReference; fileEncoding = 4; lastKnownFileType = sourcecode.c.objc; path = CameraShutterButton.m; sourceTree = "<group>"; };
		37C95D3C1BB4D19800DC6B61 /* CameraToggleButton.h */ = {isa = PBXFileReference; fileEncoding = 4; lastKnownFileType = sourcecode.c.h; path = CameraToggleButton.h; sourceTree = "<group>"; };
		37C95D3D1BB4D19800DC6B61 /* CameraToggleButton.m */ = {isa = PBXFileReference; fileEncoding = 4; lastKnownFileType = sourcecode.c.objc; path = CameraToggleButton.m; sourceTree = "<group>"; };
		37C95D3E1BB4D19800DC6B61 /* LaunchCameraButton.h */ = {isa = PBXFileReference; fileEncoding = 4; lastKnownFileType = sourcecode.c.h; path = LaunchCameraButton.h; sourceTree = "<group>"; };
		37C95D3F1BB4D19800DC6B61 /* LaunchCameraButton.m */ = {isa = PBXFileReference; fileEncoding = 4; lastKnownFileType = sourcecode.c.objc; path = LaunchCameraButton.m; sourceTree = "<group>"; };
		37C95D401BB4D19800DC6B61 /* Cool Camera Mockup.sketch */ = {isa = PBXFileReference; lastKnownFileType = file; path = "Cool Camera Mockup.sketch"; sourceTree = "<group>"; };
		37C95D411BB4D19800DC6B61 /* PaintCodeFile.pcvd */ = {isa = PBXFileReference; lastKnownFileType = file.bplist; path = PaintCodeFile.pcvd; sourceTree = "<group>"; };
		37C95D431BB4D19800DC6B61 /* CameraStyleKitClass.h */ = {isa = PBXFileReference; fileEncoding = 4; lastKnownFileType = sourcecode.c.h; path = CameraStyleKitClass.h; sourceTree = "<group>"; };
		37C95D441BB4D19800DC6B61 /* CameraStyleKitClass.m */ = {isa = PBXFileReference; fileEncoding = 4; lastKnownFileType = sourcecode.c.objc; path = CameraStyleKitClass.m; sourceTree = "<group>"; };
		37C95D461BB4D19800DC6B61 /* CaptureSessionManager.h */ = {isa = PBXFileReference; fileEncoding = 4; lastKnownFileType = sourcecode.c.h; path = CaptureSessionManager.h; sourceTree = "<group>"; };
		37C95D471BB4D19800DC6B61 /* CaptureSessionManager.m */ = {isa = PBXFileReference; fileEncoding = 4; lastKnownFileType = sourcecode.c.objc; path = CaptureSessionManager.m; sourceTree = "<group>"; };
		37C95D481BB4D19800DC6B61 /* Constants.h */ = {isa = PBXFileReference; fileEncoding = 4; lastKnownFileType = sourcecode.c.h; path = Constants.h; sourceTree = "<group>"; };
		37C95D491BB4D19800DC6B61 /* Constants.m */ = {isa = PBXFileReference; fileEncoding = 4; lastKnownFileType = sourcecode.c.objc; path = Constants.m; sourceTree = "<group>"; };
		37C95D561BB4D1A800DC6B61 /* AVFoundation.framework */ = {isa = PBXFileReference; lastKnownFileType = wrapper.framework; name = AVFoundation.framework; path = System/Library/Frameworks/AVFoundation.framework; sourceTree = SDKROOT; };
		37C95D581BB4DCE300DC6B61 /* PictureView.h */ = {isa = PBXFileReference; fileEncoding = 4; lastKnownFileType = sourcecode.c.h; path = PictureView.h; sourceTree = "<group>"; };
		37C95D591BB4DCE300DC6B61 /* PictureView.m */ = {isa = PBXFileReference; fileEncoding = 4; lastKnownFileType = sourcecode.c.objc; path = PictureView.m; sourceTree = "<group>"; };
		37C95D5B1BB4F01C00DC6B61 /* FVCustomAlertView.h */ = {isa = PBXFileReference; fileEncoding = 4; lastKnownFileType = sourcecode.c.h; path = FVCustomAlertView.h; sourceTree = "<group>"; };
		37C95D5C1BB4F01C00DC6B61 /* FVCustomAlertView.m */ = {isa = PBXFileReference; fileEncoding = 4; lastKnownFileType = sourcecode.c.objc; path = FVCustomAlertView.m; sourceTree = "<group>"; };
		37C95D5F1BB4F02600DC6B61 /* 1.png */ = {isa = PBXFileReference; lastKnownFileType = image.png; path = 1.png; sourceTree = "<group>"; };
		37C95D601BB4F02600DC6B61 /* 10.png */ = {isa = PBXFileReference; lastKnownFileType = image.png; path = 10.png; sourceTree = "<group>"; };
		37C95D611BB4F02600DC6B61 /* 10@2x.png */ = {isa = PBXFileReference; lastKnownFileType = image.png; path = "10@2x.png"; sourceTree = "<group>"; };
		37C95D621BB4F02600DC6B61 /* 11.png */ = {isa = PBXFileReference; lastKnownFileType = image.png; path = 11.png; sourceTree = "<group>"; };
		37C95D631BB4F02600DC6B61 /* 11@2x.png */ = {isa = PBXFileReference; lastKnownFileType = image.png; path = "11@2x.png"; sourceTree = "<group>"; };
		37C95D641BB4F02600DC6B61 /* 12.png */ = {isa = PBXFileReference; lastKnownFileType = image.png; path = 12.png; sourceTree = "<group>"; };
		37C95D651BB4F02600DC6B61 /* 12@2x.png */ = {isa = PBXFileReference; lastKnownFileType = image.png; path = "12@2x.png"; sourceTree = "<group>"; };
		37C95D661BB4F02600DC6B61 /* 13.png */ = {isa = PBXFileReference; lastKnownFileType = image.png; path = 13.png; sourceTree = "<group>"; };
		37C95D671BB4F02600DC6B61 /* 13@2x.png */ = {isa = PBXFileReference; lastKnownFileType = image.png; path = "13@2x.png"; sourceTree = "<group>"; };
		37C95D681BB4F02600DC6B61 /* 14.png */ = {isa = PBXFileReference; lastKnownFileType = image.png; path = 14.png; sourceTree = "<group>"; };
		37C95D691BB4F02600DC6B61 /* 14@2x.png */ = {isa = PBXFileReference; lastKnownFileType = image.png; path = "14@2x.png"; sourceTree = "<group>"; };
		37C95D6A1BB4F02600DC6B61 /* 15.png */ = {isa = PBXFileReference; lastKnownFileType = image.png; path = 15.png; sourceTree = "<group>"; };
		37C95D6B1BB4F02600DC6B61 /* 15@2x.png */ = {isa = PBXFileReference; lastKnownFileType = image.png; path = "15@2x.png"; sourceTree = "<group>"; };
		37C95D6C1BB4F02600DC6B61 /* 16.png */ = {isa = PBXFileReference; lastKnownFileType = image.png; path = 16.png; sourceTree = "<group>"; };
		37C95D6D1BB4F02600DC6B61 /* 16@2x.png */ = {isa = PBXFileReference; lastKnownFileType = image.png; path = "16@2x.png"; sourceTree = "<group>"; };
		37C95D6E1BB4F02600DC6B61 /* 17.png */ = {isa = PBXFileReference; lastKnownFileType = image.png; path = 17.png; sourceTree = "<group>"; };
		37C95D6F1BB4F02600DC6B61 /* 17@2x.png */ = {isa = PBXFileReference; lastKnownFileType = image.png; path = "17@2x.png"; sourceTree = "<group>"; };
		37C95D701BB4F02600DC6B61 /* 18.png */ = {isa = PBXFileReference; lastKnownFileType = image.png; path = 18.png; sourceTree = "<group>"; };
		37C95D711BB4F02600DC6B61 /* 18@2x.png */ = {isa = PBXFileReference; lastKnownFileType = image.png; path = "18@2x.png"; sourceTree = "<group>"; };
		37C95D721BB4F02600DC6B61 /* 19.png */ = {isa = PBXFileReference; lastKnownFileType = image.png; path = 19.png; sourceTree = "<group>"; };
		37C95D731BB4F02600DC6B61 /* 19@2x.png */ = {isa = PBXFileReference; lastKnownFileType = image.png; path = "19@2x.png"; sourceTree = "<group>"; };
		37C95D741BB4F02600DC6B61 /* 1@2x.png */ = {isa = PBXFileReference; lastKnownFileType = image.png; path = "1@2x.png"; sourceTree = "<group>"; };
		37C95D751BB4F02600DC6B61 /* 2.png */ = {isa = PBXFileReference; lastKnownFileType = image.png; path = 2.png; sourceTree = "<group>"; };
		37C95D761BB4F02600DC6B61 /* 20.png */ = {isa = PBXFileReference; lastKnownFileType = image.png; path = 20.png; sourceTree = "<group>"; };
		37C95D771BB4F02600DC6B61 /* 20@2x.png */ = {isa = PBXFileReference; lastKnownFileType = image.png; path = "20@2x.png"; sourceTree = "<group>"; };
		37C95D781BB4F02600DC6B61 /* 2@2x.png */ = {isa = PBXFileReference; lastKnownFileType = image.png; path = "2@2x.png"; sourceTree = "<group>"; };
		37C95D791BB4F02600DC6B61 /* 3.png */ = {isa = PBXFileReference; lastKnownFileType = image.png; path = 3.png; sourceTree = "<group>"; };
		37C95D7A1BB4F02600DC6B61 /* 3@2x.png */ = {isa = PBXFileReference; lastKnownFileType = image.png; path = "3@2x.png"; sourceTree = "<group>"; };
		37C95D7B1BB4F02600DC6B61 /* 4.png */ = {isa = PBXFileReference; lastKnownFileType = image.png; path = 4.png; sourceTree = "<group>"; };
		37C95D7C1BB4F02600DC6B61 /* 4@2x.png */ = {isa = PBXFileReference; lastKnownFileType = image.png; path = "4@2x.png"; sourceTree = "<group>"; };
		37C95D7D1BB4F02600DC6B61 /* 5.png */ = {isa = PBXFileReference; lastKnownFileType = image.png; path = 5.png; sourceTree = "<group>"; };
		37C95D7E1BB4F02600DC6B61 /* 5@2x.png */ = {isa = PBXFileReference; lastKnownFileType = image.png; path = "5@2x.png"; sourceTree = "<group>"; };
		37C95D7F1BB4F02600DC6B61 /* 6.png */ = {isa = PBXFileReference; lastKnownFileType = image.png; path = 6.png; sourceTree = "<group>"; };
		37C95D801BB4F02600DC6B61 /* 6@2x.png */ = {isa = PBXFileReference; lastKnownFileType = image.png; path = "6@2x.png"; sourceTree = "<group>"; };
		37C95D811BB4F02600DC6B61 /* 7.png */ = {isa = PBXFileReference; lastKnownFileType = image.png; path = 7.png; sourceTree = "<group>"; };
		37C95D821BB4F02600DC6B61 /* 7@2x.png */ = {isa = PBXFileReference; lastKnownFileType = image.png; path = "7@2x.png"; sourceTree = "<group>"; };
		37C95D831BB4F02600DC6B61 /* 8.png */ = {isa = PBXFileReference; lastKnownFileType = image.png; path = 8.png; sourceTree = "<group>"; };
		37C95D841BB4F02600DC6B61 /* 8@2x.png */ = {isa = PBXFileReference; lastKnownFileType = image.png; path = "8@2x.png"; sourceTree = "<group>"; };
		37C95D851BB4F02600DC6B61 /* 9.png */ = {isa = PBXFileReference; lastKnownFileType = image.png; path = 9.png; sourceTree = "<group>"; };
		37C95D861BB4F02600DC6B61 /* 9@2x.png */ = {isa = PBXFileReference; lastKnownFileType = image.png; path = "9@2x.png"; sourceTree = "<group>"; };
		37C95D871BB4F02600DC6B61 /* checkmark.png */ = {isa = PBXFileReference; lastKnownFileType = image.png; path = checkmark.png; sourceTree = "<group>"; };
		37C95D881BB4F02600DC6B61 /* checkmark@2x.png */ = {isa = PBXFileReference; lastKnownFileType = image.png; path = "checkmark@2x.png"; sourceTree = "<group>"; };
		37C95D891BB4F02600DC6B61 /* cross.png */ = {isa = PBXFileReference; lastKnownFileType = image.png; path = cross.png; sourceTree = "<group>"; };
		37C95D8A1BB4F02600DC6B61 /* cross@2x.png */ = {isa = PBXFileReference; lastKnownFileType = image.png; path = "cross@2x.png"; sourceTree = "<group>"; };
		37C95D8B1BB4F02600DC6B61 /* warning.png */ = {isa = PBXFileReference; lastKnownFileType = image.png; path = warning.png; sourceTree = "<group>"; };
		37C95D8C1BB4F02600DC6B61 /* warning@2x.png */ = {isa = PBXFileReference; lastKnownFileType = image.png; path = "warning@2x.png"; sourceTree = "<group>"; };
		37E1623D1BB5B16A00D56F16 /* AutoResizeTextView.h */ = {isa = PBXFileReference; fileEncoding = 4; lastKnownFileType = sourcecode.c.h; path = AutoResizeTextView.h; sourceTree = "<group>"; };
		37E1623E1BB5B16A00D56F16 /* AutoResizeTextView.m */ = {isa = PBXFileReference; fileEncoding = 4; lastKnownFileType = sourcecode.c.objc; path = AutoResizeTextView.m; sourceTree = "<group>"; };
		37E162401BB5B16A00D56F16 /* MDCalendar.h */ = {isa = PBXFileReference; fileEncoding = 4; lastKnownFileType = sourcecode.c.h; path = MDCalendar.h; sourceTree = "<group>"; };
		37E162411BB5B16A00D56F16 /* MDCalendar.m */ = {isa = PBXFileReference; fileEncoding = 4; lastKnownFileType = sourcecode.c.objc; path = MDCalendar.m; sourceTree = "<group>"; };
		37E162421BB5B16A00D56F16 /* MDCalendarCell.h */ = {isa = PBXFileReference; fileEncoding = 4; lastKnownFileType = sourcecode.c.h; path = MDCalendarCell.h; sourceTree = "<group>"; };
		37E162431BB5B16A00D56F16 /* MDCalendarCell.m */ = {isa = PBXFileReference; fileEncoding = 4; lastKnownFileType = sourcecode.c.objc; path = MDCalendarCell.m; sourceTree = "<group>"; };
		37E162441BB5B16A00D56F16 /* MDCalendarDateHeader.h */ = {isa = PBXFileReference; fileEncoding = 4; lastKnownFileType = sourcecode.c.h; path = MDCalendarDateHeader.h; sourceTree = "<group>"; };
		37E162451BB5B16A00D56F16 /* MDCalendarDateHeader.m */ = {isa = PBXFileReference; fileEncoding = 4; lastKnownFileType = sourcecode.c.objc; path = MDCalendarDateHeader.m; sourceTree = "<group>"; };
		37E162461BB5B16A00D56F16 /* MDCalendarHeader.h */ = {isa = PBXFileReference; fileEncoding = 4; lastKnownFileType = sourcecode.c.h; path = MDCalendarHeader.h; sourceTree = "<group>"; };
		37E162471BB5B16A00D56F16 /* MDCalendarHeader.m */ = {isa = PBXFileReference; fileEncoding = 4; lastKnownFileType = sourcecode.c.objc; path = MDCalendarHeader.m; sourceTree = "<group>"; };
		37E162481BB5B16A00D56F16 /* MDCalendarYearSelector.h */ = {isa = PBXFileReference; fileEncoding = 4; lastKnownFileType = sourcecode.c.h; path = MDCalendarYearSelector.h; sourceTree = "<group>"; };
		37E162491BB5B16A00D56F16 /* MDCalendarYearSelector.m */ = {isa = PBXFileReference; fileEncoding = 4; lastKnownFileType = sourcecode.c.objc; path = MDCalendarYearSelector.m; sourceTree = "<group>"; };
		37E1624A1BB5B16A00D56F16 /* MDCalendarYearSelectorViewCell.h */ = {isa = PBXFileReference; fileEncoding = 4; lastKnownFileType = sourcecode.c.h; path = MDCalendarYearSelectorViewCell.h; sourceTree = "<group>"; };
		37E1624B1BB5B16A00D56F16 /* MDCalendarYearSelectorViewCell.m */ = {isa = PBXFileReference; fileEncoding = 4; lastKnownFileType = sourcecode.c.objc; path = MDCalendarYearSelectorViewCell.m; sourceTree = "<group>"; };
		37E1624C1BB5B16A00D56F16 /* MDDatePicker.h */ = {isa = PBXFileReference; fileEncoding = 4; lastKnownFileType = sourcecode.c.h; path = MDDatePicker.h; sourceTree = "<group>"; };
		37E1624D1BB5B16A00D56F16 /* MDDatePicker.m */ = {isa = PBXFileReference; fileEncoding = 4; lastKnownFileType = sourcecode.c.objc; path = MDDatePicker.m; sourceTree = "<group>"; };
		37E1624E1BB5B16A00D56F16 /* MDDatePickerDialog.h */ = {isa = PBXFileReference; fileEncoding = 4; lastKnownFileType = sourcecode.c.h; path = MDDatePickerDialog.h; sourceTree = "<group>"; };
		37E1624F1BB5B16A00D56F16 /* MDDatePickerDialog.m */ = {isa = PBXFileReference; fileEncoding = 4; lastKnownFileType = sourcecode.c.objc; path = MDDatePickerDialog.m; sourceTree = "<group>"; };
		37E162501BB5B16A00D56F16 /* MDTimePickerDialog.h */ = {isa = PBXFileReference; fileEncoding = 4; lastKnownFileType = sourcecode.c.h; path = MDTimePickerDialog.h; sourceTree = "<group>"; };
		37E162511BB5B16A00D56F16 /* MDTimePickerDialog.m */ = {isa = PBXFileReference; fileEncoding = 4; lastKnownFileType = sourcecode.c.objc; path = MDTimePickerDialog.m; sourceTree = "<group>"; };
		37E162521BB5B16A00D56F16 /* NSCalendarHelper.h */ = {isa = PBXFileReference; fileEncoding = 4; lastKnownFileType = sourcecode.c.h; path = NSCalendarHelper.h; sourceTree = "<group>"; };
		37E162531BB5B16A00D56F16 /* NSCalendarHelper.m */ = {isa = PBXFileReference; fileEncoding = 4; lastKnownFileType = sourcecode.c.objc; path = NSCalendarHelper.m; sourceTree = "<group>"; };
		37E162541BB5B16A00D56F16 /* NSDate+MDExtension.h */ = {isa = PBXFileReference; fileEncoding = 4; lastKnownFileType = sourcecode.c.h; path = "NSDate+MDExtension.h"; sourceTree = "<group>"; };
		37E162551BB5B16A00D56F16 /* NSDate+MDExtension.m */ = {isa = PBXFileReference; fileEncoding = 4; lastKnownFileType = sourcecode.c.objc; path = "NSDate+MDExtension.m"; sourceTree = "<group>"; };
		37E162571BB5B16A00D56F16 /* MDDeviceHelper.h */ = {isa = PBXFileReference; fileEncoding = 4; lastKnownFileType = sourcecode.c.h; path = MDDeviceHelper.h; sourceTree = "<group>"; };
		37E162581BB5B16A00D56F16 /* MDDeviceHelper.m */ = {isa = PBXFileReference; fileEncoding = 4; lastKnownFileType = sourcecode.c.objc; path = MDDeviceHelper.m; sourceTree = "<group>"; };
		37E162591BB5B16A00D56F16 /* MDMathHelper.h */ = {isa = PBXFileReference; fileEncoding = 4; lastKnownFileType = sourcecode.c.h; path = MDMathHelper.h; sourceTree = "<group>"; };
		37E1625A1BB5B16A00D56F16 /* MDMathHelper.m */ = {isa = PBXFileReference; fileEncoding = 4; lastKnownFileType = sourcecode.c.objc; path = MDMathHelper.m; sourceTree = "<group>"; };
		37E1625B1BB5B16A00D56F16 /* NSDateHelper.h */ = {isa = PBXFileReference; fileEncoding = 4; lastKnownFileType = sourcecode.c.h; path = NSDateHelper.h; sourceTree = "<group>"; };
		37E1625C1BB5B16A00D56F16 /* NSDateHelper.m */ = {isa = PBXFileReference; fileEncoding = 4; lastKnownFileType = sourcecode.c.objc; path = NSDateHelper.m; sourceTree = "<group>"; };
		37E1625D1BB5B16A00D56F16 /* UIColorHelper.h */ = {isa = PBXFileReference; fileEncoding = 4; lastKnownFileType = sourcecode.c.h; path = UIColorHelper.h; sourceTree = "<group>"; };
		37E1625E1BB5B16A00D56F16 /* UIColorHelper.m */ = {isa = PBXFileReference; fileEncoding = 4; lastKnownFileType = sourcecode.c.objc; path = UIColorHelper.m; sourceTree = "<group>"; };
		37E1625F1BB5B16A00D56F16 /* UIFontHelper.h */ = {isa = PBXFileReference; fileEncoding = 4; lastKnownFileType = sourcecode.c.h; path = UIFontHelper.h; sourceTree = "<group>"; };
		37E162601BB5B16A00D56F16 /* UIFontHelper.m */ = {isa = PBXFileReference; fileEncoding = 4; lastKnownFileType = sourcecode.c.objc; path = UIFontHelper.m; sourceTree = "<group>"; };
		37E162611BB5B16A00D56F16 /* UIViewHelper.h */ = {isa = PBXFileReference; fileEncoding = 4; lastKnownFileType = sourcecode.c.h; path = UIViewHelper.h; sourceTree = "<group>"; };
		37E162621BB5B16A00D56F16 /* UIViewHelper.m */ = {isa = PBXFileReference; fileEncoding = 4; lastKnownFileType = sourcecode.c.objc; path = UIViewHelper.m; sourceTree = "<group>"; };
		37E162631BB5B16A00D56F16 /* MDButton.h */ = {isa = PBXFileReference; fileEncoding = 4; lastKnownFileType = sourcecode.c.h; path = MDButton.h; sourceTree = "<group>"; };
		37E162641BB5B16A00D56F16 /* MDButton.m */ = {isa = PBXFileReference; fileEncoding = 4; lastKnownFileType = sourcecode.c.objc; path = MDButton.m; sourceTree = "<group>"; };
		37E162651BB5B16A00D56F16 /* MDCollectionViewCell.h */ = {isa = PBXFileReference; fileEncoding = 4; lastKnownFileType = sourcecode.c.h; path = MDCollectionViewCell.h; sourceTree = "<group>"; };
		37E162661BB5B16A00D56F16 /* MDCollectionViewCell.m */ = {isa = PBXFileReference; fileEncoding = 4; lastKnownFileType = sourcecode.c.objc; path = MDCollectionViewCell.m; sourceTree = "<group>"; };
		37E162671BB5B16A00D56F16 /* MDConstants.h */ = {isa = PBXFileReference; fileEncoding = 4; lastKnownFileType = sourcecode.c.h; path = MDConstants.h; sourceTree = "<group>"; };
		37E162681BB5B16A00D56F16 /* MDProgress.h */ = {isa = PBXFileReference; fileEncoding = 4; lastKnownFileType = sourcecode.c.h; path = MDProgress.h; sourceTree = "<group>"; };
		37E162691BB5B16A00D56F16 /* MDProgress.m */ = {isa = PBXFileReference; fileEncoding = 4; lastKnownFileType = sourcecode.c.objc; path = MDProgress.m; sourceTree = "<group>"; };
		37E1626A1BB5B16A00D56F16 /* MDRippleLayer.h */ = {isa = PBXFileReference; fileEncoding = 4; lastKnownFileType = sourcecode.c.h; path = MDRippleLayer.h; sourceTree = "<group>"; };
		37E1626B1BB5B16A00D56F16 /* MDRippleLayer.m */ = {isa = PBXFileReference; fileEncoding = 4; lastKnownFileType = sourcecode.c.objc; path = MDRippleLayer.m; sourceTree = "<group>"; };
		37E1626C1BB5B16A00D56F16 /* MDSlider.h */ = {isa = PBXFileReference; fileEncoding = 4; lastKnownFileType = sourcecode.c.h; path = MDSlider.h; sourceTree = "<group>"; };
		37E1626D1BB5B16A00D56F16 /* MDSlider.m */ = {isa = PBXFileReference; fileEncoding = 4; lastKnownFileType = sourcecode.c.objc; path = MDSlider.m; sourceTree = "<group>"; };
		37E1626E1BB5B16A00D56F16 /* MDSnackbar.h */ = {isa = PBXFileReference; fileEncoding = 4; lastKnownFileType = sourcecode.c.h; path = MDSnackbar.h; sourceTree = "<group>"; };
		37E1626F1BB5B16A00D56F16 /* MDSnackbar.m */ = {isa = PBXFileReference; fileEncoding = 4; lastKnownFileType = sourcecode.c.objc; path = MDSnackbar.m; sourceTree = "<group>"; };
		37E162701BB5B16A00D56F16 /* MDSwitch.h */ = {isa = PBXFileReference; fileEncoding = 4; lastKnownFileType = sourcecode.c.h; path = MDSwitch.h; sourceTree = "<group>"; };
		37E162711BB5B16A00D56F16 /* MDSwitch.m */ = {isa = PBXFileReference; fileEncoding = 4; lastKnownFileType = sourcecode.c.objc; path = MDSwitch.m; sourceTree = "<group>"; };
		37E162721BB5B16A00D56F16 /* MDTabBar.h */ = {isa = PBXFileReference; fileEncoding = 4; lastKnownFileType = sourcecode.c.h; path = MDTabBar.h; sourceTree = "<group>"; };
		37E162731BB5B16A00D56F16 /* MDTabBar.m */ = {isa = PBXFileReference; fileEncoding = 4; lastKnownFileType = sourcecode.c.objc; path = MDTabBar.m; sourceTree = "<group>"; };
		37E162741BB5B16A00D56F16 /* MDTabBarViewController.h */ = {isa = PBXFileReference; fileEncoding = 4; lastKnownFileType = sourcecode.c.h; path = MDTabBarViewController.h; sourceTree = "<group>"; };
		37E162751BB5B16A00D56F16 /* MDTabBarViewController.m */ = {isa = PBXFileReference; fileEncoding = 4; lastKnownFileType = sourcecode.c.objc; path = MDTabBarViewController.m; sourceTree = "<group>"; };
		37E162761BB5B16A00D56F16 /* MDTableViewCell.h */ = {isa = PBXFileReference; fileEncoding = 4; lastKnownFileType = sourcecode.c.h; path = MDTableViewCell.h; sourceTree = "<group>"; };
		37E162771BB5B16A00D56F16 /* MDTableViewCell.m */ = {isa = PBXFileReference; fileEncoding = 4; lastKnownFileType = sourcecode.c.objc; path = MDTableViewCell.m; sourceTree = "<group>"; };
		37E162781BB5B16A00D56F16 /* MDTextField.h */ = {isa = PBXFileReference; fileEncoding = 4; lastKnownFileType = sourcecode.c.h; path = MDTextField.h; sourceTree = "<group>"; };
		37E162791BB5B16A00D56F16 /* MDTextField.m */ = {isa = PBXFileReference; fileEncoding = 4; lastKnownFileType = sourcecode.c.objc; path = MDTextField.m; sourceTree = "<group>"; };
		37E1627A1BB5B16A00D56F16 /* MDToast.h */ = {isa = PBXFileReference; fileEncoding = 4; lastKnownFileType = sourcecode.c.h; path = MDToast.h; sourceTree = "<group>"; };
		37E1627B1BB5B16A00D56F16 /* MDToast.m */ = {isa = PBXFileReference; fileEncoding = 4; lastKnownFileType = sourcecode.c.objc; path = MDToast.m; sourceTree = "<group>"; };
		37E1627C1BB5B16A00D56F16 /* MDTouchGestureRecognizer.h */ = {isa = PBXFileReference; fileEncoding = 4; lastKnownFileType = sourcecode.c.h; path = MDTouchGestureRecognizer.h; sourceTree = "<group>"; };
		37E1627D1BB5B16A00D56F16 /* MDTouchGestureRecognizer.m */ = {isa = PBXFileReference; fileEncoding = 4; lastKnownFileType = sourcecode.c.objc; path = MDTouchGestureRecognizer.m; sourceTree = "<group>"; };
		37E1627F1BB5B16A00D56F16 /* MDCircularProgressLayer.h */ = {isa = PBXFileReference; fileEncoding = 4; lastKnownFileType = sourcecode.c.h; path = MDCircularProgressLayer.h; sourceTree = "<group>"; };
		37E162801BB5B16A00D56F16 /* MDCircularProgressLayer.m */ = {isa = PBXFileReference; fileEncoding = 4; lastKnownFileType = sourcecode.c.objc; path = MDCircularProgressLayer.m; sourceTree = "<group>"; };
		37E162811BB5B16A00D56F16 /* MDLinearProgressLayer.h */ = {isa = PBXFileReference; fileEncoding = 4; lastKnownFileType = sourcecode.c.h; path = MDLinearProgressLayer.h; sourceTree = "<group>"; };
		37E162821BB5B16A00D56F16 /* MDLinearProgressLayer.m */ = {isa = PBXFileReference; fileEncoding = 4; lastKnownFileType = sourcecode.c.objc; path = MDLinearProgressLayer.m; sourceTree = "<group>"; };
		37E162831BB5B16A00D56F16 /* MDProgressLayer.h */ = {isa = PBXFileReference; fileEncoding = 4; lastKnownFileType = sourcecode.c.h; path = MDProgressLayer.h; sourceTree = "<group>"; };
		37E162841BB5B16A00D56F16 /* MDProgressLayer.m */ = {isa = PBXFileReference; fileEncoding = 4; lastKnownFileType = sourcecode.c.objc; path = MDProgressLayer.m; sourceTree = "<group>"; };
		37E162861BB5B16A00D56F16 /* MDBubbleLabel.h */ = {isa = PBXFileReference; fileEncoding = 4; lastKnownFileType = sourcecode.c.h; path = MDBubbleLabel.h; sourceTree = "<group>"; };
		37E162871BB5B16A00D56F16 /* MDBubbleLabel.m */ = {isa = PBXFileReference; fileEncoding = 4; lastKnownFileType = sourcecode.c.objc; path = MDBubbleLabel.m; sourceTree = "<group>"; };
		37E162881BB5B16A00D56F16 /* MDSliderIcon.h */ = {isa = PBXFileReference; fileEncoding = 4; lastKnownFileType = sourcecode.c.h; path = MDSliderIcon.h; sourceTree = "<group>"; };
		37E162891BB5B16A00D56F16 /* MDSliderIcon.m */ = {isa = PBXFileReference; fileEncoding = 4; lastKnownFileType = sourcecode.c.objc; path = MDSliderIcon.m; sourceTree = "<group>"; };
		37E1628A1BB5B16A00D56F16 /* MDSliderThumbView.h */ = {isa = PBXFileReference; fileEncoding = 4; lastKnownFileType = sourcecode.c.h; path = MDSliderThumbView.h; sourceTree = "<group>"; };
		37E1628B1BB5B16A00D56F16 /* MDSliderThumbView.m */ = {isa = PBXFileReference; fileEncoding = 4; lastKnownFileType = sourcecode.c.objc; path = MDSliderThumbView.m; sourceTree = "<group>"; };
		37E1628C1BB5B16A00D56F16 /* MDSliderTickMarksView.h */ = {isa = PBXFileReference; fileEncoding = 4; lastKnownFileType = sourcecode.c.h; path = MDSliderTickMarksView.h; sourceTree = "<group>"; };
		37E1628D1BB5B16A00D56F16 /* MDSliderTickMarksView.m */ = {isa = PBXFileReference; fileEncoding = 4; lastKnownFileType = sourcecode.c.objc; path = MDSliderTickMarksView.m; sourceTree = "<group>"; };
		37E1628F1BB5B16A00D56F16 /* MDSuggestPopupView.h */ = {isa = PBXFileReference; fileEncoding = 4; lastKnownFileType = sourcecode.c.h; path = MDSuggestPopupView.h; sourceTree = "<group>"; };
		37E162901BB5B16A00D56F16 /* MDSuggestPopupView.m */ = {isa = PBXFileReference; fileEncoding = 4; lastKnownFileType = sourcecode.c.objc; path = MDSuggestPopupView.m; sourceTree = "<group>"; };
		37E162911BB5B16A00D56F16 /* MDSuggestTableView.h */ = {isa = PBXFileReference; fileEncoding = 4; lastKnownFileType = sourcecode.c.h; path = MDSuggestTableView.h; sourceTree = "<group>"; };
		37E162921BB5B16A00D56F16 /* MDSuggestTableView.m */ = {isa = PBXFileReference; fileEncoding = 4; lastKnownFileType = sourcecode.c.objc; path = MDSuggestTableView.m; sourceTree = "<group>"; };
		37E162931BB5B16A00D56F16 /* UIView+MDExtension.h */ = {isa = PBXFileReference; fileEncoding = 4; lastKnownFileType = sourcecode.c.h; path = "UIView+MDExtension.h"; sourceTree = "<group>"; };
		37E162941BB5B16A00D56F16 /* UIView+MDExtension.m */ = {isa = PBXFileReference; fileEncoding = 4; lastKnownFileType = sourcecode.c.objc; path = "UIView+MDExtension.m"; sourceTree = "<group>"; };
		37E162951BB5B16A00D56F16 /* iOSUILib.xcodeproj */ = {isa = PBXFileReference; lastKnownFileType = "wrapper.pb-project"; path = iOSUILib.xcodeproj; sourceTree = "<group>"; };
		37E162991BB5B16A00D56F16 /* Info.plist */ = {isa = PBXFileReference; fileEncoding = 4; lastKnownFileType = text.plist.xml; path = Info.plist; sourceTree = "<group>"; };
/* End PBXFileReference section */

/* Begin PBXFrameworksBuildPhase section */
		37C95CE11BB4AE3000DC6B61 /* Frameworks */ = {
			isa = PBXFrameworksBuildPhase;
			buildActionMask = 2147483647;
			files = (
				37C95D571BB4D1A800DC6B61 /* AVFoundation.framework in Frameworks */,
				37C95D2A1BB4CF9700DC6B61 /* libsqlite3.tbd in Frameworks */,
				37C95D281BB4CF8900DC6B61 /* libz.tbd in Frameworks */,
				37C95D261BB4CF5100DC6B61 /* SystemConfiguration.framework in Frameworks */,
				37C95D241BB4CF4A00DC6B61 /* StoreKit.framework in Frameworks */,
				37C95D221BB4CF4100DC6B61 /* Security.framework in Frameworks */,
				37C95D201BB4CF3C00DC6B61 /* QuartzCore.framework in Frameworks */,
				37C95D1E1BB4CF3500DC6B61 /* CoreLocation.framework in Frameworks */,
				37C95D1C1BB4CF2D00DC6B61 /* CoreGraphics.framework in Frameworks */,
				37C95D1A1BB4CF2600DC6B61 /* CFNetwork.framework in Frameworks */,
				37C95D181BB4CF2100DC6B61 /* AudioToolbox.framework in Frameworks */,
				37C95D111BB4CEDE00DC6B61 /* Parse.framework in Frameworks */,
				37C95D121BB4CEDE00DC6B61 /* ParseCrashReporting.framework in Frameworks */,
				37C95D161BB4CEDE00DC6B61 /* ParseUI.framework in Frameworks */,
				37C95D131BB4CEDE00DC6B61 /* ParseFacebookUtils.framework in Frameworks */,
				37C95D101BB4CEDE00DC6B61 /* Bolts.framework in Frameworks */,
				37C95D151BB4CEDE00DC6B61 /* ParseTwitterUtils.framework in Frameworks */,
				37C95D141BB4CEDE00DC6B61 /* ParseFacebookUtilsV4.framework in Frameworks */,
			);
			runOnlyForDeploymentPostprocessing = 0;
		};
/* End PBXFrameworksBuildPhase section */

/* Begin PBXGroup section */
		37C95CDB1BB4AE3000DC6B61 = {
			isa = PBXGroup;
			children = (
				37C95CE61BB4AE3000DC6B61 /* Social Media */,
				37C95CE51BB4AE3000DC6B61 /* Products */,
			);
			sourceTree = "<group>";
		};
		37C95CE51BB4AE3000DC6B61 /* Products */ = {
			isa = PBXGroup;
			children = (
				37C95CE41BB4AE3000DC6B61 /* Social Media.app */,
			);
			name = Products;
			sourceTree = "<group>";
		};
		37C95CE61BB4AE3000DC6B61 /* Social Media */ = {
			isa = PBXGroup;
			children = (
				37C95CEA1BB4AE3000DC6B61 /* AppDelegate.h */,
				37C95CEB1BB4AE3000DC6B61 /* AppDelegate.m */,
				37C95CF31BB4AE3000DC6B61 /* Main.storyboard */,
				37C95D041BB4CA0900DC6B61 /* View Controllers */,
				37C95CF61BB4AE3000DC6B61 /* Assets.xcassets */,
				37C95CF81BB4AE3000DC6B61 /* LaunchScreen.storyboard */,
				37C95CFB1BB4AE3000DC6B61 /* Info.plist */,
				37C95D081BB4CEDE00DC6B61 /* Frameworks */,
				37C95D5B1BB4F01C00DC6B61 /* FVCustomAlertView.h */,
				37C95D5C1BB4F01C00DC6B61 /* FVCustomAlertView.m */,
				37C95D5E1BB4F02600DC6B61 /* FVCustomAlertViewResources */,
				37E1623B1BB5B16A00D56F16 /* iOSUILib */,
				37C95D2E1BB4D19800DC6B61 /* CustomizableCamera */,
				37C95CE71BB4AE3000DC6B61 /* Supporting Files */,
			);
			path = "Social Media";
			sourceTree = "<group>";
		};
		37C95CE71BB4AE3000DC6B61 /* Supporting Files */ = {
			isa = PBXGroup;
			children = (
				37C95D2B1BB4D03900DC6B61 /* AppHelper.h */,
				37C95D2C1BB4D03900DC6B61 /* AppHelper.m */,
				37C95CE81BB4AE3000DC6B61 /* main.m */,
			);
			name = "Supporting Files";
			sourceTree = "<group>";
		};
		37C95D041BB4CA0900DC6B61 /* View Controllers */ = {
			isa = PBXGroup;
			children = (
				37B910011BB5027400E6B3AB /* LoginViewController.h */,
				37B910021BB5027400E6B3AB /* LoginViewController.m */,
				37C95D581BB4DCE300DC6B61 /* PictureView.h */,
				37C95D591BB4DCE300DC6B61 /* PictureView.m */,
				37C95D051BB4CA4300DC6B61 /* TabBarViewController.h */,
				37C95D061BB4CA4300DC6B61 /* TabBarViewController.m */,
				37C95CED1BB4AE3000DC6B61 /* CaptureViewController.h */,
				37C95CEE1BB4AE3000DC6B61 /* CaptureViewController.m */,
				37C95CF01BB4AE3000DC6B61 /* StoryViewController.h */,
				37C95CF11BB4AE3000DC6B61 /* StoryViewController.m */,
				37C95D011BB4AFC100DC6B61 /* ProfileViewController.h */,
				37C95D021BB4AFC100DC6B61 /* ProfileViewController.m */,
			);
			name = "View Controllers";
			sourceTree = "<group>";
		};
		37C95D081BB4CEDE00DC6B61 /* Frameworks */ = {
			isa = PBXGroup;
			children = (
				37C95D561BB4D1A800DC6B61 /* AVFoundation.framework */,
				37C95D291BB4CF9700DC6B61 /* libsqlite3.tbd */,
				37C95D271BB4CF8900DC6B61 /* libz.tbd */,
				37C95D251BB4CF5100DC6B61 /* SystemConfiguration.framework */,
				37C95D231BB4CF4A00DC6B61 /* StoreKit.framework */,
				37C95D211BB4CF4100DC6B61 /* Security.framework */,
				37C95D1F1BB4CF3C00DC6B61 /* QuartzCore.framework */,
				37C95D1D1BB4CF3500DC6B61 /* CoreLocation.framework */,
				37C95D1B1BB4CF2D00DC6B61 /* CoreGraphics.framework */,
				37C95D191BB4CF2600DC6B61 /* CFNetwork.framework */,
				37C95D171BB4CF2100DC6B61 /* AudioToolbox.framework */,
				37C95D091BB4CEDE00DC6B61 /* Bolts.framework */,
				37C95D0A1BB4CEDE00DC6B61 /* Parse.framework */,
				37C95D0B1BB4CEDE00DC6B61 /* ParseCrashReporting.framework */,
				37C95D0C1BB4CEDE00DC6B61 /* ParseFacebookUtils.framework */,
				37C95D0D1BB4CEDE00DC6B61 /* ParseFacebookUtilsV4.framework */,
				37C95D0E1BB4CEDE00DC6B61 /* ParseTwitterUtils.framework */,
				37C95D0F1BB4CEDE00DC6B61 /* ParseUI.framework */,
			);
			name = Frameworks;
			path = "../parse-library-1.8.5";
			sourceTree = "<group>";
		};
		37C95D2E1BB4D19800DC6B61 /* CustomizableCamera */ = {
			isa = PBXGroup;
			children = (
				37C95D2F1BB4D19800DC6B61 /* Camera View */,
				37C95D321BB4D19800DC6B61 /* Graphical Assets */,
				37C95D451BB4D19800DC6B61 /* Model Classes */,
			);
			path = CustomizableCamera;
			sourceTree = "<group>";
		};
		37C95D2F1BB4D19800DC6B61 /* Camera View */ = {
			isa = PBXGroup;
			children = (
				37C95D301BB4D19800DC6B61 /* CameraSessionView.h */,
				37C95D311BB4D19800DC6B61 /* CameraSessionView.m */,
			);
			path = "Camera View";
			sourceTree = "<group>";
		};
		37C95D321BB4D19800DC6B61 /* Graphical Assets */ = {
			isa = PBXGroup;
			children = (
				37C95D331BB4D19800DC6B61 /* CameraViewComponents */,
				37C95D401BB4D19800DC6B61 /* Cool Camera Mockup.sketch */,
				37C95D411BB4D19800DC6B61 /* PaintCodeFile.pcvd */,
				37C95D421BB4D19800DC6B61 /* UI Assets */,
			);
			path = "Graphical Assets";
			sourceTree = "<group>";
		};
		37C95D331BB4D19800DC6B61 /* CameraViewComponents */ = {
			isa = PBXGroup;
			children = (
				37C95D341BB4D19800DC6B61 /* CameraDismissButton.h */,
				37C95D351BB4D19800DC6B61 /* CameraDismissButton.m */,
				37C95D361BB4D19800DC6B61 /* CameraFlashButton.h */,
				37C95D371BB4D19800DC6B61 /* CameraFlashButton.m */,
				37C95D381BB4D19800DC6B61 /* CameraFocalReticule.h */,
				37C95D391BB4D19800DC6B61 /* CameraFocalReticule.m */,
				37C95D3A1BB4D19800DC6B61 /* CameraShutterButton.h */,
				37C95D3B1BB4D19800DC6B61 /* CameraShutterButton.m */,
				37C95D3C1BB4D19800DC6B61 /* CameraToggleButton.h */,
				37C95D3D1BB4D19800DC6B61 /* CameraToggleButton.m */,
				37C95D3E1BB4D19800DC6B61 /* LaunchCameraButton.h */,
				37C95D3F1BB4D19800DC6B61 /* LaunchCameraButton.m */,
			);
			path = CameraViewComponents;
			sourceTree = "<group>";
		};
		37C95D421BB4D19800DC6B61 /* UI Assets */ = {
			isa = PBXGroup;
			children = (
				37C95D431BB4D19800DC6B61 /* CameraStyleKitClass.h */,
				37C95D441BB4D19800DC6B61 /* CameraStyleKitClass.m */,
			);
			path = "UI Assets";
			sourceTree = "<group>";
		};
		37C95D451BB4D19800DC6B61 /* Model Classes */ = {
			isa = PBXGroup;
			children = (
				37C95D461BB4D19800DC6B61 /* CaptureSessionManager.h */,
				37C95D471BB4D19800DC6B61 /* CaptureSessionManager.m */,
				37C95D481BB4D19800DC6B61 /* Constants.h */,
				37C95D491BB4D19800DC6B61 /* Constants.m */,
			);
			path = "Model Classes";
			sourceTree = "<group>";
		};
		37C95D5E1BB4F02600DC6B61 /* FVCustomAlertViewResources */ = {
			isa = PBXGroup;
			children = (
				37C95D5F1BB4F02600DC6B61 /* 1.png */,
				37C95D601BB4F02600DC6B61 /* 10.png */,
				37C95D611BB4F02600DC6B61 /* 10@2x.png */,
				37C95D621BB4F02600DC6B61 /* 11.png */,
				37C95D631BB4F02600DC6B61 /* 11@2x.png */,
				37C95D641BB4F02600DC6B61 /* 12.png */,
				37C95D651BB4F02600DC6B61 /* 12@2x.png */,
				37C95D661BB4F02600DC6B61 /* 13.png */,
				37C95D671BB4F02600DC6B61 /* 13@2x.png */,
				37C95D681BB4F02600DC6B61 /* 14.png */,
				37C95D691BB4F02600DC6B61 /* 14@2x.png */,
				37C95D6A1BB4F02600DC6B61 /* 15.png */,
				37C95D6B1BB4F02600DC6B61 /* 15@2x.png */,
				37C95D6C1BB4F02600DC6B61 /* 16.png */,
				37C95D6D1BB4F02600DC6B61 /* 16@2x.png */,
				37C95D6E1BB4F02600DC6B61 /* 17.png */,
				37C95D6F1BB4F02600DC6B61 /* 17@2x.png */,
				37C95D701BB4F02600DC6B61 /* 18.png */,
				37C95D711BB4F02600DC6B61 /* 18@2x.png */,
				37C95D721BB4F02600DC6B61 /* 19.png */,
				37C95D731BB4F02600DC6B61 /* 19@2x.png */,
				37C95D741BB4F02600DC6B61 /* 1@2x.png */,
				37C95D751BB4F02600DC6B61 /* 2.png */,
				37C95D761BB4F02600DC6B61 /* 20.png */,
				37C95D771BB4F02600DC6B61 /* 20@2x.png */,
				37C95D781BB4F02600DC6B61 /* 2@2x.png */,
				37C95D791BB4F02600DC6B61 /* 3.png */,
				37C95D7A1BB4F02600DC6B61 /* 3@2x.png */,
				37C95D7B1BB4F02600DC6B61 /* 4.png */,
				37C95D7C1BB4F02600DC6B61 /* 4@2x.png */,
				37C95D7D1BB4F02600DC6B61 /* 5.png */,
				37C95D7E1BB4F02600DC6B61 /* 5@2x.png */,
				37C95D7F1BB4F02600DC6B61 /* 6.png */,
				37C95D801BB4F02600DC6B61 /* 6@2x.png */,
				37C95D811BB4F02600DC6B61 /* 7.png */,
				37C95D821BB4F02600DC6B61 /* 7@2x.png */,
				37C95D831BB4F02600DC6B61 /* 8.png */,
				37C95D841BB4F02600DC6B61 /* 8@2x.png */,
				37C95D851BB4F02600DC6B61 /* 9.png */,
				37C95D861BB4F02600DC6B61 /* 9@2x.png */,
				37C95D871BB4F02600DC6B61 /* checkmark.png */,
				37C95D881BB4F02600DC6B61 /* checkmark@2x.png */,
				37C95D891BB4F02600DC6B61 /* cross.png */,
				37C95D8A1BB4F02600DC6B61 /* cross@2x.png */,
				37C95D8B1BB4F02600DC6B61 /* warning.png */,
				37C95D8C1BB4F02600DC6B61 /* warning@2x.png */,
			);
			path = FVCustomAlertViewResources;
			sourceTree = "<group>";
		};
		37E1623B1BB5B16A00D56F16 /* iOSUILib */ = {
			isa = PBXGroup;
			children = (
				37E1623C1BB5B16A00D56F16 /* iOSUILib */,
				37E162951BB5B16A00D56F16 /* iOSUILib.xcodeproj */,
				37E162981BB5B16A00D56F16 /* iOSUILibTests */,
			);
			name = iOSUILib;
			path = ../iOSUILib;
			sourceTree = "<group>";
		};
		37E1623C1BB5B16A00D56F16 /* iOSUILib */ = {
			isa = PBXGroup;
			children = (
				37E1623D1BB5B16A00D56F16 /* AutoResizeTextView.h */,
				37E1623E1BB5B16A00D56F16 /* AutoResizeTextView.m */,
				37E1623F1BB5B16A00D56F16 /* Calendar */,
				37E162561BB5B16A00D56F16 /* Helpers */,
				37E162631BB5B16A00D56F16 /* MDButton.h */,
				37E162641BB5B16A00D56F16 /* MDButton.m */,
				37E162651BB5B16A00D56F16 /* MDCollectionViewCell.h */,
				37E162661BB5B16A00D56F16 /* MDCollectionViewCell.m */,
				37E162671BB5B16A00D56F16 /* MDConstants.h */,
				37E162681BB5B16A00D56F16 /* MDProgress.h */,
				37E162691BB5B16A00D56F16 /* MDProgress.m */,
				37E1626A1BB5B16A00D56F16 /* MDRippleLayer.h */,
				37E1626B1BB5B16A00D56F16 /* MDRippleLayer.m */,
				37E1626C1BB5B16A00D56F16 /* MDSlider.h */,
				37E1626D1BB5B16A00D56F16 /* MDSlider.m */,
				37E1626E1BB5B16A00D56F16 /* MDSnackbar.h */,
				37E1626F1BB5B16A00D56F16 /* MDSnackbar.m */,
				37E162701BB5B16A00D56F16 /* MDSwitch.h */,
				37E162711BB5B16A00D56F16 /* MDSwitch.m */,
				37E162721BB5B16A00D56F16 /* MDTabBar.h */,
				37E162731BB5B16A00D56F16 /* MDTabBar.m */,
				37E162741BB5B16A00D56F16 /* MDTabBarViewController.h */,
				37E162751BB5B16A00D56F16 /* MDTabBarViewController.m */,
				37E162761BB5B16A00D56F16 /* MDTableViewCell.h */,
				37E162771BB5B16A00D56F16 /* MDTableViewCell.m */,
				37E162781BB5B16A00D56F16 /* MDTextField.h */,
				37E162791BB5B16A00D56F16 /* MDTextField.m */,
				37E1627A1BB5B16A00D56F16 /* MDToast.h */,
				37E1627B1BB5B16A00D56F16 /* MDToast.m */,
				37E1627C1BB5B16A00D56F16 /* MDTouchGestureRecognizer.h */,
				37E1627D1BB5B16A00D56F16 /* MDTouchGestureRecognizer.m */,
				37E1627E1BB5B16A00D56F16 /* Progress */,
				37E162851BB5B16A00D56F16 /* Slider */,
				37E1628E1BB5B16A00D56F16 /* SuggestPopup */,
				37E162931BB5B16A00D56F16 /* UIView+MDExtension.h */,
				37E162941BB5B16A00D56F16 /* UIView+MDExtension.m */,
			);
			path = iOSUILib;
			sourceTree = "<group>";
		};
		37E1623F1BB5B16A00D56F16 /* Calendar */ = {
			isa = PBXGroup;
			children = (
				37E162401BB5B16A00D56F16 /* MDCalendar.h */,
				37E162411BB5B16A00D56F16 /* MDCalendar.m */,
				37E162421BB5B16A00D56F16 /* MDCalendarCell.h */,
				37E162431BB5B16A00D56F16 /* MDCalendarCell.m */,
				37E162441BB5B16A00D56F16 /* MDCalendarDateHeader.h */,
				37E162451BB5B16A00D56F16 /* MDCalendarDateHeader.m */,
				37E162461BB5B16A00D56F16 /* MDCalendarHeader.h */,
				37E162471BB5B16A00D56F16 /* MDCalendarHeader.m */,
				37E162481BB5B16A00D56F16 /* MDCalendarYearSelector.h */,
				37E162491BB5B16A00D56F16 /* MDCalendarYearSelector.m */,
				37E1624A1BB5B16A00D56F16 /* MDCalendarYearSelectorViewCell.h */,
				37E1624B1BB5B16A00D56F16 /* MDCalendarYearSelectorViewCell.m */,
				37E1624C1BB5B16A00D56F16 /* MDDatePicker.h */,
				37E1624D1BB5B16A00D56F16 /* MDDatePicker.m */,
				37E1624E1BB5B16A00D56F16 /* MDDatePickerDialog.h */,
				37E1624F1BB5B16A00D56F16 /* MDDatePickerDialog.m */,
				37E162501BB5B16A00D56F16 /* MDTimePickerDialog.h */,
				37E162511BB5B16A00D56F16 /* MDTimePickerDialog.m */,
				37E162521BB5B16A00D56F16 /* NSCalendarHelper.h */,
				37E162531BB5B16A00D56F16 /* NSCalendarHelper.m */,
				37E162541BB5B16A00D56F16 /* NSDate+MDExtension.h */,
				37E162551BB5B16A00D56F16 /* NSDate+MDExtension.m */,
			);
			path = Calendar;
			sourceTree = "<group>";
		};
		37E162561BB5B16A00D56F16 /* Helpers */ = {
			isa = PBXGroup;
			children = (
				37E162571BB5B16A00D56F16 /* MDDeviceHelper.h */,
				37E162581BB5B16A00D56F16 /* MDDeviceHelper.m */,
				37E162591BB5B16A00D56F16 /* MDMathHelper.h */,
				37E1625A1BB5B16A00D56F16 /* MDMathHelper.m */,
				37E1625B1BB5B16A00D56F16 /* NSDateHelper.h */,
				37E1625C1BB5B16A00D56F16 /* NSDateHelper.m */,
				37E1625D1BB5B16A00D56F16 /* UIColorHelper.h */,
				37E1625E1BB5B16A00D56F16 /* UIColorHelper.m */,
				37E1625F1BB5B16A00D56F16 /* UIFontHelper.h */,
				37E162601BB5B16A00D56F16 /* UIFontHelper.m */,
				37E162611BB5B16A00D56F16 /* UIViewHelper.h */,
				37E162621BB5B16A00D56F16 /* UIViewHelper.m */,
			);
			path = Helpers;
			sourceTree = "<group>";
		};
		37E1627E1BB5B16A00D56F16 /* Progress */ = {
			isa = PBXGroup;
			children = (
				37E1627F1BB5B16A00D56F16 /* MDCircularProgressLayer.h */,
				37E162801BB5B16A00D56F16 /* MDCircularProgressLayer.m */,
				37E162811BB5B16A00D56F16 /* MDLinearProgressLayer.h */,
				37E162821BB5B16A00D56F16 /* MDLinearProgressLayer.m */,
				37E162831BB5B16A00D56F16 /* MDProgressLayer.h */,
				37E162841BB5B16A00D56F16 /* MDProgressLayer.m */,
			);
			path = Progress;
			sourceTree = "<group>";
		};
		37E162851BB5B16A00D56F16 /* Slider */ = {
			isa = PBXGroup;
			children = (
				37E162861BB5B16A00D56F16 /* MDBubbleLabel.h */,
				37E162871BB5B16A00D56F16 /* MDBubbleLabel.m */,
				37E162881BB5B16A00D56F16 /* MDSliderIcon.h */,
				37E162891BB5B16A00D56F16 /* MDSliderIcon.m */,
				37E1628A1BB5B16A00D56F16 /* MDSliderThumbView.h */,
				37E1628B1BB5B16A00D56F16 /* MDSliderThumbView.m */,
				37E1628C1BB5B16A00D56F16 /* MDSliderTickMarksView.h */,
				37E1628D1BB5B16A00D56F16 /* MDSliderTickMarksView.m */,
			);
			path = Slider;
			sourceTree = "<group>";
		};
		37E1628E1BB5B16A00D56F16 /* SuggestPopup */ = {
			isa = PBXGroup;
			children = (
				37E1628F1BB5B16A00D56F16 /* MDSuggestPopupView.h */,
				37E162901BB5B16A00D56F16 /* MDSuggestPopupView.m */,
				37E162911BB5B16A00D56F16 /* MDSuggestTableView.h */,
				37E162921BB5B16A00D56F16 /* MDSuggestTableView.m */,
			);
			path = SuggestPopup;
			sourceTree = "<group>";
		};
		37E162961BB5B16A00D56F16 /* Products */ = {
			isa = PBXGroup;
			children = (
				37E162C91BB5B16B00D56F16 /* libiOSUILib.a */,
				37E162CB1BB5B16B00D56F16 /* iOSUILibTests.xctest */,
			);
			name = Products;
			sourceTree = "<group>";
		};
		37E162981BB5B16A00D56F16 /* iOSUILibTests */ = {
			isa = PBXGroup;
			children = (
				37E162991BB5B16A00D56F16 /* Info.plist */,
			);
			path = iOSUILibTests;
			sourceTree = "<group>";
		};
/* End PBXGroup section */

/* Begin PBXNativeTarget section */
		37C95CE31BB4AE3000DC6B61 /* Social Media */ = {
			isa = PBXNativeTarget;
			buildConfigurationList = 37C95CFE1BB4AE3000DC6B61 /* Build configuration list for PBXNativeTarget "Social Media" */;
			buildPhases = (
				37C95CE01BB4AE3000DC6B61 /* Sources */,
				37C95CE11BB4AE3000DC6B61 /* Frameworks */,
				37C95CE21BB4AE3000DC6B61 /* Resources */,
			);
			buildRules = (
			);
			dependencies = (
			);
			name = "Social Media";
			productName = "Social Media";
			productReference = 37C95CE41BB4AE3000DC6B61 /* Social Media.app */;
			productType = "com.apple.product-type.application";
		};
/* End PBXNativeTarget section */

/* Begin PBXProject section */
		37C95CDC1BB4AE3000DC6B61 /* Project object */ = {
			isa = PBXProject;
			attributes = {
				LastUpgradeCheck = 0700;
				ORGANIZATIONNAME = "Karsh Foundation";
				TargetAttributes = {
					37C95CE31BB4AE3000DC6B61 = {
						CreatedOnToolsVersion = 7.0;
					};
				};
			};
			buildConfigurationList = 37C95CDF1BB4AE3000DC6B61 /* Build configuration list for PBXProject "Social Media" */;
			compatibilityVersion = "Xcode 3.2";
			developmentRegion = English;
			hasScannedForEncodings = 0;
			knownRegions = (
				en,
				Base,
			);
			mainGroup = 37C95CDB1BB4AE3000DC6B61;
			productRefGroup = 37C95CE51BB4AE3000DC6B61 /* Products */;
			projectDirPath = "";
			projectReferences = (
				{
					ProductGroup = 37E162961BB5B16A00D56F16 /* Products */;
					ProjectRef = 37E162951BB5B16A00D56F16 /* iOSUILib.xcodeproj */;
				},
			);
			projectRoot = "";
			targets = (
				37C95CE31BB4AE3000DC6B61 /* Social Media */,
			);
		};
/* End PBXProject section */

/* Begin PBXReferenceProxy section */
		37E162C91BB5B16B00D56F16 /* libiOSUILib.a */ = {
			isa = PBXReferenceProxy;
			fileType = archive.ar;
			path = libiOSUILib.a;
			remoteRef = 37E162C81BB5B16B00D56F16 /* PBXContainerItemProxy */;
			sourceTree = BUILT_PRODUCTS_DIR;
		};
		37E162CB1BB5B16B00D56F16 /* iOSUILibTests.xctest */ = {
			isa = PBXReferenceProxy;
			fileType = wrapper.cfbundle;
			path = iOSUILibTests.xctest;
			remoteRef = 37E162CA1BB5B16B00D56F16 /* PBXContainerItemProxy */;
			sourceTree = BUILT_PRODUCTS_DIR;
		};
/* End PBXReferenceProxy section */

/* Begin PBXResourcesBuildPhase section */
		37C95CE21BB4AE3000DC6B61 /* Resources */ = {
			isa = PBXResourcesBuildPhase;
			buildActionMask = 2147483647;
			files = (
				37C95DA21BB4F02600DC6B61 /* 1@2x.png in Resources */,
				37C95DB21BB4F02600DC6B61 /* 8@2x.png in Resources */,
				37C95D941BB4F02600DC6B61 /* 13.png in Resources */,
				37C95DA31BB4F02600DC6B61 /* 2.png in Resources */,
				37C95D9C1BB4F02600DC6B61 /* 17.png in Resources */,
				37C95DA91BB4F02600DC6B61 /* 4.png in Resources */,
				37C95DB71BB4F02600DC6B61 /* cross.png in Resources */,
				37C95D9B1BB4F02600DC6B61 /* 16@2x.png in Resources */,
				37C95DB11BB4F02600DC6B61 /* 8.png in Resources */,
				37C95D9A1BB4F02600DC6B61 /* 16.png in Resources */,
				37C95DB91BB4F02600DC6B61 /* warning.png in Resources */,
				37C95DAF1BB4F02600DC6B61 /* 7.png in Resources */,
				37E162C41BB5B16A00D56F16 /* Info.plist in Resources */,
				37C95DB81BB4F02600DC6B61 /* cross@2x.png in Resources */,
				37C95CFA1BB4AE3000DC6B61 /* LaunchScreen.storyboard in Resources */,
				37C95D981BB4F02600DC6B61 /* 15.png in Resources */,
				37C95DA61BB4F02600DC6B61 /* 2@2x.png in Resources */,
				37C95DB51BB4F02600DC6B61 /* checkmark.png in Resources */,
				37C95DAD1BB4F02600DC6B61 /* 6.png in Resources */,
				37C95D9D1BB4F02600DC6B61 /* 17@2x.png in Resources */,
				37C95DAE1BB4F02600DC6B61 /* 6@2x.png in Resources */,
				37C95D931BB4F02600DC6B61 /* 12@2x.png in Resources */,
				37C95DA71BB4F02600DC6B61 /* 3.png in Resources */,
				37C95D8E1BB4F02600DC6B61 /* 10.png in Resources */,
				37C95D951BB4F02600DC6B61 /* 13@2x.png in Resources */,
				37C95DA41BB4F02600DC6B61 /* 20.png in Resources */,
				37C95DA01BB4F02600DC6B61 /* 19.png in Resources */,
				37C95D991BB4F02600DC6B61 /* 15@2x.png in Resources */,
				37C95D911BB4F02600DC6B61 /* 11@2x.png in Resources */,
				37C95DBA1BB4F02600DC6B61 /* warning@2x.png in Resources */,
				37C95CF71BB4AE3000DC6B61 /* Assets.xcassets in Resources */,
				37C95D521BB4D19800DC6B61 /* PaintCodeFile.pcvd in Resources */,
				37C95D901BB4F02600DC6B61 /* 11.png in Resources */,
				37C95DB41BB4F02600DC6B61 /* 9@2x.png in Resources */,
				37C95DAA1BB4F02600DC6B61 /* 4@2x.png in Resources */,
				37C95DA11BB4F02600DC6B61 /* 19@2x.png in Resources */,
				37C95DAC1BB4F02600DC6B61 /* 5@2x.png in Resources */,
				37C95D9F1BB4F02600DC6B61 /* 18@2x.png in Resources */,
				37C95D8D1BB4F02600DC6B61 /* 1.png in Resources */,
				37C95D9E1BB4F02600DC6B61 /* 18.png in Resources */,
				37C95DB31BB4F02600DC6B61 /* 9.png in Resources */,
				37C95D961BB4F02600DC6B61 /* 14.png in Resources */,
				37C95D971BB4F02600DC6B61 /* 14@2x.png in Resources */,
				37C95DA81BB4F02600DC6B61 /* 3@2x.png in Resources */,
				37C95D511BB4D19800DC6B61 /* Cool Camera Mockup.sketch in Resources */,
				37C95DB61BB4F02600DC6B61 /* checkmark@2x.png in Resources */,
				37C95D921BB4F02600DC6B61 /* 12.png in Resources */,
				37C95DB01BB4F02600DC6B61 /* 7@2x.png in Resources */,
				37C95CF51BB4AE3000DC6B61 /* Main.storyboard in Resources */,
				37C95DAB1BB4F02600DC6B61 /* 5.png in Resources */,
				37C95DA51BB4F02600DC6B61 /* 20@2x.png in Resources */,
				37C95D8F1BB4F02600DC6B61 /* 10@2x.png in Resources */,
			);
			runOnlyForDeploymentPostprocessing = 0;
		};
/* End PBXResourcesBuildPhase section */

/* Begin PBXSourcesBuildPhase section */
		37C95CE01BB4AE3000DC6B61 /* Sources */ = {
			isa = PBXSourcesBuildPhase;
			buildActionMask = 2147483647;
			files = (
				37E162A01BB5B16A00D56F16 /* MDCalendarYearSelector.m in Sources */,
				37E162B91BB5B16A00D56F16 /* MDTouchGestureRecognizer.m in Sources */,
				37E162B31BB5B16A00D56F16 /* MDSwitch.m in Sources */,
				37E162AE1BB5B16A00D56F16 /* MDCollectionViewCell.m in Sources */,
				37C95D4E1BB4D19800DC6B61 /* CameraShutterButton.m in Sources */,
				37E162BC1BB5B16A00D56F16 /* MDProgressLayer.m in Sources */,
				37C95D531BB4D19800DC6B61 /* CameraStyleKitClass.m in Sources */,
				37C95D4B1BB4D19800DC6B61 /* CameraDismissButton.m in Sources */,
				37E162B11BB5B16A00D56F16 /* MDSlider.m in Sources */,
				37E162A91BB5B16A00D56F16 /* NSDateHelper.m in Sources */,
				37C95CF21BB4AE3000DC6B61 /* StoryViewController.m in Sources */,
				37E162C11BB5B16A00D56F16 /* MDSuggestPopupView.m in Sources */,
				37E1629F1BB5B16A00D56F16 /* MDCalendarHeader.m in Sources */,
				37E162AB1BB5B16A00D56F16 /* UIFontHelper.m in Sources */,
				37E162A11BB5B16A00D56F16 /* MDCalendarYearSelectorViewCell.m in Sources */,
				37E162A61BB5B16A00D56F16 /* NSDate+MDExtension.m in Sources */,
				37E162BB1BB5B16A00D56F16 /* MDLinearProgressLayer.m in Sources */,
				37E162AD1BB5B16A00D56F16 /* MDButton.m in Sources */,
				37E1629B1BB5B16A00D56F16 /* AutoResizeTextView.m in Sources */,
				37E162AF1BB5B16A00D56F16 /* MDProgress.m in Sources */,
				37E162B61BB5B16A00D56F16 /* MDTableViewCell.m in Sources */,
				37B910031BB5027400E6B3AB /* LoginViewController.m in Sources */,
				37E162A81BB5B16A00D56F16 /* MDMathHelper.m in Sources */,
				37C95D4D1BB4D19800DC6B61 /* CameraFocalReticule.m in Sources */,
				37C95D541BB4D19800DC6B61 /* CaptureSessionManager.m in Sources */,
				37E162C01BB5B16A00D56F16 /* MDSliderTickMarksView.m in Sources */,
				37E162B51BB5B16A00D56F16 /* MDTabBarViewController.m in Sources */,
				37C95CEC1BB4AE3000DC6B61 /* AppDelegate.m in Sources */,
				37E162AA1BB5B16A00D56F16 /* UIColorHelper.m in Sources */,
				37C95D4C1BB4D19800DC6B61 /* CameraFlashButton.m in Sources */,
				37C95D551BB4D19800DC6B61 /* Constants.m in Sources */,
				37E162B81BB5B16A00D56F16 /* MDToast.m in Sources */,
				37E1629E1BB5B16A00D56F16 /* MDCalendarDateHeader.m in Sources */,
				37E162C21BB5B16A00D56F16 /* MDSuggestTableView.m in Sources */,
				37C95CEF1BB4AE3000DC6B61 /* CaptureViewController.m in Sources */,
				37E162B01BB5B16A00D56F16 /* MDRippleLayer.m in Sources */,
				37C95D501BB4D19800DC6B61 /* LaunchCameraButton.m in Sources */,
				37C95D2D1BB4D03900DC6B61 /* AppHelper.m in Sources */,
				37C95CE91BB4AE3000DC6B61 /* main.m in Sources */,
				37E162BF1BB5B16A00D56F16 /* MDSliderThumbView.m in Sources */,
				37E1629D1BB5B16A00D56F16 /* MDCalendarCell.m in Sources */,
				37C95D071BB4CA4300DC6B61 /* TabBarViewController.m in Sources */,
				37E162BA1BB5B16A00D56F16 /* MDCircularProgressLayer.m in Sources */,
				37E1629C1BB5B16A00D56F16 /* MDCalendar.m in Sources */,
				37E162A21BB5B16A00D56F16 /* MDDatePicker.m in Sources */,
				37E162B21BB5B16A00D56F16 /* MDSnackbar.m in Sources */,
				37E162A41BB5B16A00D56F16 /* MDTimePickerDialog.m in Sources */,
				37E162BD1BB5B16A00D56F16 /* MDBubbleLabel.m in Sources */,
				37C95D4A1BB4D19800DC6B61 /* CameraSessionView.m in Sources */,
				37E162A31BB5B16A00D56F16 /* MDDatePickerDialog.m in Sources */,
				37C95D5A1BB4DCE300DC6B61 /* PictureView.m in Sources */,
				37C95D031BB4AFC100DC6B61 /* ProfileViewController.m in Sources */,
				37E162B41BB5B16A00D56F16 /* MDTabBar.m in Sources */,
				37C95D5D1BB4F01C00DC6B61 /* FVCustomAlertView.m in Sources */,
				37E162AC1BB5B16A00D56F16 /* UIViewHelper.m in Sources */,
				37C95D4F1BB4D19800DC6B61 /* CameraToggleButton.m in Sources */,
				37E162A51BB5B16A00D56F16 /* NSCalendarHelper.m in Sources */,
				37E162A71BB5B16A00D56F16 /* MDDeviceHelper.m in Sources */,
				37E162C31BB5B16A00D56F16 /* UIView+MDExtension.m in Sources */,
				37E162BE1BB5B16A00D56F16 /* MDSliderIcon.m in Sources */,
				37E162B71BB5B16A00D56F16 /* MDTextField.m in Sources */,
			);
			runOnlyForDeploymentPostprocessing = 0;
		};
/* End PBXSourcesBuildPhase section */

/* Begin PBXVariantGroup section */
		37C95CF31BB4AE3000DC6B61 /* Main.storyboard */ = {
			isa = PBXVariantGroup;
			children = (
				37C95CF41BB4AE3000DC6B61 /* Base */,
			);
			name = Main.storyboard;
			sourceTree = "<group>";
		};
		37C95CF81BB4AE3000DC6B61 /* LaunchScreen.storyboard */ = {
			isa = PBXVariantGroup;
			children = (
				37C95CF91BB4AE3000DC6B61 /* Base */,
			);
			name = LaunchScreen.storyboard;
			sourceTree = "<group>";
		};
/* End PBXVariantGroup section */

/* Begin XCBuildConfiguration section */
		37C95CFC1BB4AE3000DC6B61 /* Debug */ = {
			isa = XCBuildConfiguration;
			buildSettings = {
				ALWAYS_SEARCH_USER_PATHS = NO;
				CLANG_CXX_LANGUAGE_STANDARD = "gnu++0x";
				CLANG_CXX_LIBRARY = "libc++";
				CLANG_ENABLE_MODULES = YES;
				CLANG_ENABLE_OBJC_ARC = YES;
				CLANG_WARN_BOOL_CONVERSION = YES;
				CLANG_WARN_CONSTANT_CONVERSION = YES;
				CLANG_WARN_DIRECT_OBJC_ISA_USAGE = YES_ERROR;
				CLANG_WARN_EMPTY_BODY = YES;
				CLANG_WARN_ENUM_CONVERSION = YES;
				CLANG_WARN_INT_CONVERSION = YES;
				CLANG_WARN_OBJC_ROOT_CLASS = YES_ERROR;
				CLANG_WARN_UNREACHABLE_CODE = YES;
				CLANG_WARN__DUPLICATE_METHOD_MATCH = YES;
				"CODE_SIGN_IDENTITY[sdk=iphoneos*]" = "iPhone Developer";
				COPY_PHASE_STRIP = NO;
				DEBUG_INFORMATION_FORMAT = dwarf;
				ENABLE_STRICT_OBJC_MSGSEND = YES;
				ENABLE_TESTABILITY = YES;
				GCC_C_LANGUAGE_STANDARD = gnu99;
				GCC_DYNAMIC_NO_PIC = NO;
				GCC_NO_COMMON_BLOCKS = YES;
				GCC_OPTIMIZATION_LEVEL = 0;
				GCC_PREPROCESSOR_DEFINITIONS = (
					"DEBUG=1",
					"$(inherited)",
				);
				GCC_WARN_64_TO_32_BIT_CONVERSION = YES;
				GCC_WARN_ABOUT_RETURN_TYPE = YES_ERROR;
				GCC_WARN_UNDECLARED_SELECTOR = YES;
				GCC_WARN_UNINITIALIZED_AUTOS = YES_AGGRESSIVE;
				GCC_WARN_UNUSED_FUNCTION = YES;
				GCC_WARN_UNUSED_VARIABLE = YES;
				IPHONEOS_DEPLOYMENT_TARGET = 9.0;
				MTL_ENABLE_DEBUG_INFO = YES;
				ONLY_ACTIVE_ARCH = YES;
				SDKROOT = iphoneos;
			};
			name = Debug;
		};
		37C95CFD1BB4AE3000DC6B61 /* Release */ = {
			isa = XCBuildConfiguration;
			buildSettings = {
				ALWAYS_SEARCH_USER_PATHS = NO;
				CLANG_CXX_LANGUAGE_STANDARD = "gnu++0x";
				CLANG_CXX_LIBRARY = "libc++";
				CLANG_ENABLE_MODULES = YES;
				CLANG_ENABLE_OBJC_ARC = YES;
				CLANG_WARN_BOOL_CONVERSION = YES;
				CLANG_WARN_CONSTANT_CONVERSION = YES;
				CLANG_WARN_DIRECT_OBJC_ISA_USAGE = YES_ERROR;
				CLANG_WARN_EMPTY_BODY = YES;
				CLANG_WARN_ENUM_CONVERSION = YES;
				CLANG_WARN_INT_CONVERSION = YES;
				CLANG_WARN_OBJC_ROOT_CLASS = YES_ERROR;
				CLANG_WARN_UNREACHABLE_CODE = YES;
				CLANG_WARN__DUPLICATE_METHOD_MATCH = YES;
				"CODE_SIGN_IDENTITY[sdk=iphoneos*]" = "iPhone Developer";
				COPY_PHASE_STRIP = NO;
				DEBUG_INFORMATION_FORMAT = "dwarf-with-dsym";
				ENABLE_NS_ASSERTIONS = NO;
				ENABLE_STRICT_OBJC_MSGSEND = YES;
				GCC_C_LANGUAGE_STANDARD = gnu99;
				GCC_NO_COMMON_BLOCKS = YES;
				GCC_WARN_64_TO_32_BIT_CONVERSION = YES;
				GCC_WARN_ABOUT_RETURN_TYPE = YES_ERROR;
				GCC_WARN_UNDECLARED_SELECTOR = YES;
				GCC_WARN_UNINITIALIZED_AUTOS = YES_AGGRESSIVE;
				GCC_WARN_UNUSED_FUNCTION = YES;
				GCC_WARN_UNUSED_VARIABLE = YES;
				IPHONEOS_DEPLOYMENT_TARGET = 9.0;
				MTL_ENABLE_DEBUG_INFO = NO;
				SDKROOT = iphoneos;
				VALIDATE_PRODUCT = YES;
			};
			name = Release;
		};
		37C95CFF1BB4AE3000DC6B61 /* Debug */ = {
			isa = XCBuildConfiguration;
			buildSettings = {
				ASSETCATALOG_COMPILER_APPICON_NAME = AppIcon;
				FRAMEWORK_SEARCH_PATHS = (
					"$(inherited)",
					"$(PROJECT_DIR)/parse-library-1.8.5",
				);
				INFOPLIST_FILE = "Social Media/Info.plist";
				IPHONEOS_DEPLOYMENT_TARGET = 8.0;
				LD_RUNPATH_SEARCH_PATHS = "$(inherited) @executable_path/Frameworks";
				PRODUCT_BUNDLE_IDENTIFIER = "karshfoundation.Social-Media";
				PRODUCT_NAME = "$(TARGET_NAME)";
			};
			name = Debug;
		};
		37C95D001BB4AE3000DC6B61 /* Release */ = {
			isa = XCBuildConfiguration;
			buildSettings = {
				ASSETCATALOG_COMPILER_APPICON_NAME = AppIcon;
				FRAMEWORK_SEARCH_PATHS = (
					"$(inherited)",
					"$(PROJECT_DIR)/parse-library-1.8.5",
				);
				INFOPLIST_FILE = "Social Media/Info.plist";
				IPHONEOS_DEPLOYMENT_TARGET = 8.0;
				LD_RUNPATH_SEARCH_PATHS = "$(inherited) @executable_path/Frameworks";
				PRODUCT_BUNDLE_IDENTIFIER = "karshfoundation.Social-Media";
				PRODUCT_NAME = "$(TARGET_NAME)";
			};
			name = Release;
		};
/* End XCBuildConfiguration section */

/* Begin XCConfigurationList section */
		37C95CDF1BB4AE3000DC6B61 /* Build configuration list for PBXProject "Social Media" */ = {
			isa = XCConfigurationList;
			buildConfigurations = (
				37C95CFC1BB4AE3000DC6B61 /* Debug */,
				37C95CFD1BB4AE3000DC6B61 /* Release */,
			);
			defaultConfigurationIsVisible = 0;
			defaultConfigurationName = Release;
		};
		37C95CFE1BB4AE3000DC6B61 /* Build configuration list for PBXNativeTarget "Social Media" */ = {
			isa = XCConfigurationList;
			buildConfigurations = (
				37C95CFF1BB4AE3000DC6B61 /* Debug */,
				37C95D001BB4AE3000DC6B61 /* Release */,
			);
			defaultConfigurationIsVisible = 0;
			defaultConfigurationName = Release;
		};
/* End XCConfigurationList section */
	};
	rootObject = 37C95CDC1BB4AE3000DC6B61 /* Project object */;
}
